// !$*UTF8*$!
{
	archiveVersion = 1;
	classes = {
	};
	objectVersion = 50;
	objects = {

/* Begin PBXBuildFile section */
		0142E0062225465D003DBF3A /* AppDelegate.swift in Sources */ = {isa = PBXBuildFile; fileRef = 0142E0052225465D003DBF3A /* AppDelegate.swift */; };
		0142E0082225465D003DBF3A /* ViewController.swift in Sources */ = {isa = PBXBuildFile; fileRef = 0142E0072225465D003DBF3A /* ViewController.swift */; };
		0142E00B2225465D003DBF3A /* Main.storyboard in Resources */ = {isa = PBXBuildFile; fileRef = 0142E0092225465D003DBF3A /* Main.storyboard */; };
		0142E00D2225465D003DBF3A /* Assets.xcassets in Resources */ = {isa = PBXBuildFile; fileRef = 0142E00C2225465D003DBF3A /* Assets.xcassets */; };
		0142E0102225465D003DBF3A /* LaunchScreen.storyboard in Resources */ = {isa = PBXBuildFile; fileRef = 0142E00E2225465D003DBF3A /* LaunchScreen.storyboard */; };
		0142E01B2225465E003DBF3A /* UserDefaultsTestTests.swift in Sources */ = {isa = PBXBuildFile; fileRef = 0142E01A2225465E003DBF3A /* UserDefaultsTestTests.swift */; };
		0142E0262225465E003DBF3A /* UserDefaultsTestUITests.swift in Sources */ = {isa = PBXBuildFile; fileRef = 0142E0252225465E003DBF3A /* UserDefaultsTestUITests.swift */; };
		0142E03422266C49003DBF3A /* FormViewController.swift in Sources */ = {isa = PBXBuildFile; fileRef = 0142E03322266C49003DBF3A /* FormViewController.swift */; };
/* End PBXBuildFile section */

/* Begin PBXContainerItemProxy section */
		0142E0172225465E003DBF3A /* PBXContainerItemProxy */ = {
			isa = PBXContainerItemProxy;
			containerPortal = 0142DFFA2225465D003DBF3A /* Project object */;
			proxyType = 1;
			remoteGlobalIDString = 0142E0012225465D003DBF3A;
			remoteInfo = UserDefaultsTest;
		};
		0142E0222225465E003DBF3A /* PBXContainerItemProxy */ = {
			isa = PBXContainerItemProxy;
			containerPortal = 0142DFFA2225465D003DBF3A /* Project object */;
			proxyType = 1;
			remoteGlobalIDString = 0142E0012225465D003DBF3A;
			remoteInfo = UserDefaultsTest;
		};
/* End PBXContainerItemProxy section */

/* Begin PBXFileReference section */
		0142E0022225465D003DBF3A /* UserDefaultsTest.app */ = {isa = PBXFileReference; explicitFileType = wrapper.application; includeInIndex = 0; path = UserDefaultsTest.app; sourceTree = BUILT_PRODUCTS_DIR; };
		0142E0052225465D003DBF3A /* AppDelegate.swift */ = {isa = PBXFileReference; lastKnownFileType = sourcecode.swift; path = AppDelegate.swift; sourceTree = "<group>"; };
		0142E0072225465D003DBF3A /* ViewController.swift */ = {isa = PBXFileReference; lastKnownFileType = sourcecode.swift; path = ViewController.swift; sourceTree = "<group>"; };
		0142E00A2225465D003DBF3A /* Base */ = {isa = PBXFileReference; lastKnownFileType = file.storyboard; name = Base; path = Base.lproj/Main.storyboard; sourceTree = "<group>"; };
		0142E00C2225465D003DBF3A /* Assets.xcassets */ = {isa = PBXFileReference; lastKnownFileType = folder.assetcatalog; path = Assets.xcassets; sourceTree = "<group>"; };
		0142E00F2225465D003DBF3A /* Base */ = {isa = PBXFileReference; lastKnownFileType = file.storyboard; name = Base; path = Base.lproj/LaunchScreen.storyboard; sourceTree = "<group>"; };
		0142E0112225465D003DBF3A /* Info.plist */ = {isa = PBXFileReference; lastKnownFileType = text.plist.xml; path = Info.plist; sourceTree = "<group>"; };
		0142E0162225465E003DBF3A /* UserDefaultsTestTests.xctest */ = {isa = PBXFileReference; explicitFileType = wrapper.cfbundle; includeInIndex = 0; path = UserDefaultsTestTests.xctest; sourceTree = BUILT_PRODUCTS_DIR; };
		0142E01A2225465E003DBF3A /* UserDefaultsTestTests.swift */ = {isa = PBXFileReference; lastKnownFileType = sourcecode.swift; path = UserDefaultsTestTests.swift; sourceTree = "<group>"; };
		0142E01C2225465E003DBF3A /* Info.plist */ = {isa = PBXFileReference; lastKnownFileType = text.plist.xml; path = Info.plist; sourceTree = "<group>"; };
		0142E0212225465E003DBF3A /* UserDefaultsTestUITests.xctest */ = {isa = PBXFileReference; explicitFileType = wrapper.cfbundle; includeInIndex = 0; path = UserDefaultsTestUITests.xctest; sourceTree = BUILT_PRODUCTS_DIR; };
		0142E0252225465E003DBF3A /* UserDefaultsTestUITests.swift */ = {isa = PBXFileReference; lastKnownFileType = sourcecode.swift; path = UserDefaultsTestUITests.swift; sourceTree = "<group>"; };
		0142E0272225465E003DBF3A /* Info.plist */ = {isa = PBXFileReference; lastKnownFileType = text.plist.xml; path = Info.plist; sourceTree = "<group>"; };
		0142E03322266C49003DBF3A /* FormViewController.swift */ = {isa = PBXFileReference; lastKnownFileType = sourcecode.swift; path = FormViewController.swift; sourceTree = "<group>"; };
/* End PBXFileReference section */

/* Begin PBXFrameworksBuildPhase section */
		0142DFFF2225465D003DBF3A /* Frameworks */ = {
			isa = PBXFrameworksBuildPhase;
			buildActionMask = 2147483647;
			files = (
			);
			runOnlyForDeploymentPostprocessing = 0;
		};
		0142E0132225465E003DBF3A /* Frameworks */ = {
			isa = PBXFrameworksBuildPhase;
			buildActionMask = 2147483647;
			files = (
			);
			runOnlyForDeploymentPostprocessing = 0;
		};
		0142E01E2225465E003DBF3A /* Frameworks */ = {
			isa = PBXFrameworksBuildPhase;
			buildActionMask = 2147483647;
			files = (
			);
			runOnlyForDeploymentPostprocessing = 0;
		};
/* End PBXFrameworksBuildPhase section */

/* Begin PBXGroup section */
		0142DFF92225465D003DBF3A = {
			isa = PBXGroup;
			children = (
				0142E0042225465D003DBF3A /* UserDefaultsTest */,
				0142E0192225465E003DBF3A /* UserDefaultsTestTests */,
				0142E0242225465E003DBF3A /* UserDefaultsTestUITests */,
				0142E0032225465D003DBF3A /* Products */,
			);
			sourceTree = "<group>";
		};
		0142E0032225465D003DBF3A /* Products */ = {
			isa = PBXGroup;
			children = (
				0142E0022225465D003DBF3A /* UserDefaultsTest.app */,
				0142E0162225465E003DBF3A /* UserDefaultsTestTests.xctest */,
				0142E0212225465E003DBF3A /* UserDefaultsTestUITests.xctest */,
			);
			name = Products;
			sourceTree = "<group>";
		};
		0142E0042225465D003DBF3A /* UserDefaultsTest */ = {
			isa = PBXGroup;
			children = (
				0142E0052225465D003DBF3A /* AppDelegate.swift */,
				0142E0072225465D003DBF3A /* ViewController.swift */,
				0142E0092225465D003DBF3A /* Main.storyboard */,
				0142E03322266C49003DBF3A /* FormViewController.swift */,
				0142E00C2225465D003DBF3A /* Assets.xcassets */,
				0142E00E2225465D003DBF3A /* LaunchScreen.storyboard */,
				0142E0112225465D003DBF3A /* Info.plist */,
			);
			path = UserDefaultsTest;
			sourceTree = "<group>";
		};
		0142E0192225465E003DBF3A /* UserDefaultsTestTests */ = {
			isa = PBXGroup;
			children = (
				0142E01A2225465E003DBF3A /* UserDefaultsTestTests.swift */,
				0142E01C2225465E003DBF3A /* Info.plist */,
			);
			path = UserDefaultsTestTests;
			sourceTree = "<group>";
		};
		0142E0242225465E003DBF3A /* UserDefaultsTestUITests */ = {
			isa = PBXGroup;
			children = (
				0142E0252225465E003DBF3A /* UserDefaultsTestUITests.swift */,
				0142E0272225465E003DBF3A /* Info.plist */,
			);
			path = UserDefaultsTestUITests;
			sourceTree = "<group>";
		};
/* End PBXGroup section */

/* Begin PBXNativeTarget section */
		0142E0012225465D003DBF3A /* UserDefaultsTest */ = {
			isa = PBXNativeTarget;
			buildConfigurationList = 0142E02A2225465E003DBF3A /* Build configuration list for PBXNativeTarget "UserDefaultsTest" */;
			buildPhases = (
				0142DFFE2225465D003DBF3A /* Sources */,
				0142DFFF2225465D003DBF3A /* Frameworks */,
				0142E0002225465D003DBF3A /* Resources */,
			);
			buildRules = (
			);
			dependencies = (
			);
			name = UserDefaultsTest;
			productName = UserDefaultsTest;
			productReference = 0142E0022225465D003DBF3A /* UserDefaultsTest.app */;
			productType = "com.apple.product-type.application";
		};
		0142E0152225465E003DBF3A /* UserDefaultsTestTests */ = {
			isa = PBXNativeTarget;
			buildConfigurationList = 0142E02D2225465E003DBF3A /* Build configuration list for PBXNativeTarget "UserDefaultsTestTests" */;
			buildPhases = (
				0142E0122225465E003DBF3A /* Sources */,
				0142E0132225465E003DBF3A /* Frameworks */,
				0142E0142225465E003DBF3A /* Resources */,
			);
			buildRules = (
			);
			dependencies = (
				0142E0182225465E003DBF3A /* PBXTargetDependency */,
			);
			name = UserDefaultsTestTests;
			productName = UserDefaultsTestTests;
			productReference = 0142E0162225465E003DBF3A /* UserDefaultsTestTests.xctest */;
			productType = "com.apple.product-type.bundle.unit-test";
		};
		0142E0202225465E003DBF3A /* UserDefaultsTestUITests */ = {
			isa = PBXNativeTarget;
			buildConfigurationList = 0142E0302225465E003DBF3A /* Build configuration list for PBXNativeTarget "UserDefaultsTestUITests" */;
			buildPhases = (
				0142E01D2225465E003DBF3A /* Sources */,
				0142E01E2225465E003DBF3A /* Frameworks */,
				0142E01F2225465E003DBF3A /* Resources */,
			);
			buildRules = (
			);
			dependencies = (
				0142E0232225465E003DBF3A /* PBXTargetDependency */,
			);
			name = UserDefaultsTestUITests;
			productName = UserDefaultsTestUITests;
			productReference = 0142E0212225465E003DBF3A /* UserDefaultsTestUITests.xctest */;
			productType = "com.apple.product-type.bundle.ui-testing";
		};
/* End PBXNativeTarget section */

/* Begin PBXProject section */
		0142DFFA2225465D003DBF3A /* Project object */ = {
			isa = PBXProject;
			attributes = {
				LastSwiftUpdateCheck = 1010;
				LastUpgradeCheck = 1010;
				ORGANIZATIONNAME = PST;
				TargetAttributes = {
					0142E0012225465D003DBF3A = {
						CreatedOnToolsVersion = 10.1;
					};
					0142E0152225465E003DBF3A = {
						CreatedOnToolsVersion = 10.1;
						TestTargetID = 0142E0012225465D003DBF3A;
					};
					0142E0202225465E003DBF3A = {
						CreatedOnToolsVersion = 10.1;
						TestTargetID = 0142E0012225465D003DBF3A;
					};
				};
			};
			buildConfigurationList = 0142DFFD2225465D003DBF3A /* Build configuration list for PBXProject "UserDefaultsTest" */;
			compatibilityVersion = "Xcode 9.3";
			developmentRegion = en;
			hasScannedForEncodings = 0;
			knownRegions = (
				en,
				Base,
			);
			mainGroup = 0142DFF92225465D003DBF3A;
			productRefGroup = 0142E0032225465D003DBF3A /* Products */;
			projectDirPath = "";
			projectRoot = "";
			targets = (
				0142E0012225465D003DBF3A /* UserDefaultsTest */,
				0142E0152225465E003DBF3A /* UserDefaultsTestTests */,
				0142E0202225465E003DBF3A /* UserDefaultsTestUITests */,
			);
		};
/* End PBXProject section */

/* Begin PBXResourcesBuildPhase section */
		0142E0002225465D003DBF3A /* Resources */ = {
			isa = PBXResourcesBuildPhase;
			buildActionMask = 2147483647;
			files = (
				0142E0102225465D003DBF3A /* LaunchScreen.storyboard in Resources */,
				0142E00D2225465D003DBF3A /* Assets.xcassets in Resources */,
				0142E00B2225465D003DBF3A /* Main.storyboard in Resources */,
			);
			runOnlyForDeploymentPostprocessing = 0;
		};
		0142E0142225465E003DBF3A /* Resources */ = {
			isa = PBXResourcesBuildPhase;
			buildActionMask = 2147483647;
			files = (
			);
			runOnlyForDeploymentPostprocessing = 0;
		};
		0142E01F2225465E003DBF3A /* Resources */ = {
			isa = PBXResourcesBuildPhase;
			buildActionMask = 2147483647;
			files = (
			);
			runOnlyForDeploymentPostprocessing = 0;
		};
/* End PBXResourcesBuildPhase section */

/* Begin PBXSourcesBuildPhase section */
		0142DFFE2225465D003DBF3A /* Sources */ = {
			isa = PBXSourcesBuildPhase;
			buildActionMask = 2147483647;
			files = (
				0142E03422266C49003DBF3A /* FormViewController.swift in Sources */,
				0142E0082225465D003DBF3A /* ViewController.swift in Sources */,
				0142E0062225465D003DBF3A /* AppDelegate.swift in Sources */,
			);
			runOnlyForDeploymentPostprocessing = 0;
		};
		0142E0122225465E003DBF3A /* Sources */ = {
			isa = PBXSourcesBuildPhase;
			buildActionMask = 2147483647;
			files = (
				0142E01B2225465E003DBF3A /* UserDefaultsTestTests.swift in Sources */,
			);
			runOnlyForDeploymentPostprocessing = 0;
		};
		0142E01D2225465E003DBF3A /* Sources */ = {
			isa = PBXSourcesBuildPhase;
			buildActionMask = 2147483647;
			files = (
				0142E0262225465E003DBF3A /* UserDefaultsTestUITests.swift in Sources */,
			);
			runOnlyForDeploymentPostprocessing = 0;
		};
/* End PBXSourcesBuildPhase section */

/* Begin PBXTargetDependency section */
		0142E0182225465E003DBF3A /* PBXTargetDependency */ = {
			isa = PBXTargetDependency;
			target = 0142E0012225465D003DBF3A /* UserDefaultsTest */;
			targetProxy = 0142E0172225465E003DBF3A /* PBXContainerItemProxy */;
		};
		0142E0232225465E003DBF3A /* PBXTargetDependency */ = {
			isa = PBXTargetDependency;
			target = 0142E0012225465D003DBF3A /* UserDefaultsTest */;
			targetProxy = 0142E0222225465E003DBF3A /* PBXContainerItemProxy */;
		};
/* End PBXTargetDependency section */

/* Begin PBXVariantGroup section */
		0142E0092225465D003DBF3A /* Main.storyboard */ = {
			isa = PBXVariantGroup;
			children = (
				0142E00A2225465D003DBF3A /* Base */,
			);
			name = Main.storyboard;
			sourceTree = "<group>";
		};
		0142E00E2225465D003DBF3A /* LaunchScreen.storyboard */ = {
			isa = PBXVariantGroup;
			children = (
				0142E00F2225465D003DBF3A /* Base */,
			);
			name = LaunchScreen.storyboard;
			sourceTree = "<group>";
		};
/* End PBXVariantGroup section */

/* Begin XCBuildConfiguration section */
		0142E0282225465E003DBF3A /* Debug */ = {
			isa = XCBuildConfiguration;
			buildSettings = {
				ALWAYS_SEARCH_USER_PATHS = NO;
				CLANG_ANALYZER_NONNULL = YES;
				CLANG_ANALYZER_NUMBER_OBJECT_CONVERSION = YES_AGGRESSIVE;
				CLANG_CXX_LANGUAGE_STANDARD = "gnu++14";
				CLANG_CXX_LIBRARY = "libc++";
				CLANG_ENABLE_MODULES = YES;
				CLANG_ENABLE_OBJC_ARC = YES;
				CLANG_ENABLE_OBJC_WEAK = YES;
				CLANG_WARN_BLOCK_CAPTURE_AUTORELEASING = YES;
				CLANG_WARN_BOOL_CONVERSION = YES;
				CLANG_WARN_COMMA = YES;
				CLANG_WARN_CONSTANT_CONVERSION = YES;
				CLANG_WARN_DEPRECATED_OBJC_IMPLEMENTATIONS = YES;
				CLANG_WARN_DIRECT_OBJC_ISA_USAGE = YES_ERROR;
				CLANG_WARN_DOCUMENTATION_COMMENTS = YES;
				CLANG_WARN_EMPTY_BODY = YES;
				CLANG_WARN_ENUM_CONVERSION = YES;
				CLANG_WARN_INFINITE_RECURSION = YES;
				CLANG_WARN_INT_CONVERSION = YES;
				CLANG_WARN_NON_LITERAL_NULL_CONVERSION = YES;
				CLANG_WARN_OBJC_IMPLICIT_RETAIN_SELF = YES;
				CLANG_WARN_OBJC_LITERAL_CONVERSION = YES;
				CLANG_WARN_OBJC_ROOT_CLASS = YES_ERROR;
				CLANG_WARN_RANGE_LOOP_ANALYSIS = YES;
				CLANG_WARN_STRICT_PROTOTYPES = YES;
				CLANG_WARN_SUSPICIOUS_MOVE = YES;
				CLANG_WARN_UNGUARDED_AVAILABILITY = YES_AGGRESSIVE;
				CLANG_WARN_UNREACHABLE_CODE = YES;
				CLANG_WARN__DUPLICATE_METHOD_MATCH = YES;
				CODE_SIGN_IDENTITY = "iPhone Developer";
				COPY_PHASE_STRIP = NO;
				DEBUG_INFORMATION_FORMAT = dwarf;
				ENABLE_STRICT_OBJC_MSGSEND = YES;
				ENABLE_TESTABILITY = YES;
				GCC_C_LANGUAGE_STANDARD = gnu11;
				GCC_DYNAMIC_NO_PIC = NO;
				GCC_NO_COMMON_BLOCKS = YES;
				GCC_OPTIMIZATION_LEVEL = 0;
				GCC_PREPROCESSOR_DEFINITIONS = (
					"DEBUG=1",
					"$(inherited)",
				);
				GCC_WARN_64_TO_32_BIT_CONVERSION = YES;
				GCC_WARN_ABOUT_RETURN_TYPE = YES_ERROR;
				GCC_WARN_UNDECLARED_SELECTOR = YES;
				GCC_WARN_UNINITIALIZED_AUTOS = YES_AGGRESSIVE;
				GCC_WARN_UNUSED_FUNCTION = YES;
				GCC_WARN_UNUSED_VARIABLE = YES;
				IPHONEOS_DEPLOYMENT_TARGET = 12.1;
				MTL_ENABLE_DEBUG_INFO = INCLUDE_SOURCE;
				MTL_FAST_MATH = YES;
				ONLY_ACTIVE_ARCH = YES;
				SDKROOT = iphoneos;
				SWIFT_ACTIVE_COMPILATION_CONDITIONS = DEBUG;
				SWIFT_OPTIMIZATION_LEVEL = "-Onone";
			};
			name = Debug;
		};
		0142E0292225465E003DBF3A /* Release */ = {
			isa = XCBuildConfiguration;
			buildSettings = {
				ALWAYS_SEARCH_USER_PATHS = NO;
				CLANG_ANALYZER_NONNULL = YES;
				CLANG_ANALYZER_NUMBER_OBJECT_CONVERSION = YES_AGGRESSIVE;
				CLANG_CXX_LANGUAGE_STANDARD = "gnu++14";
				CLANG_CXX_LIBRARY = "libc++";
				CLANG_ENABLE_MODULES = YES;
				CLANG_ENABLE_OBJC_ARC = YES;
				CLANG_ENABLE_OBJC_WEAK = YES;
				CLANG_WARN_BLOCK_CAPTURE_AUTORELEASING = YES;
				CLANG_WARN_BOOL_CONVERSION = YES;
				CLANG_WARN_COMMA = YES;
				CLANG_WARN_CONSTANT_CONVERSION = YES;
				CLANG_WARN_DEPRECATED_OBJC_IMPLEMENTATIONS = YES;
				CLANG_WARN_DIRECT_OBJC_ISA_USAGE = YES_ERROR;
				CLANG_WARN_DOCUMENTATION_COMMENTS = YES;
				CLANG_WARN_EMPTY_BODY = YES;
				CLANG_WARN_ENUM_CONVERSION = YES;
				CLANG_WARN_INFINITE_RECURSION = YES;
				CLANG_WARN_INT_CONVERSION = YES;
				CLANG_WARN_NON_LITERAL_NULL_CONVERSION = YES;
				CLANG_WARN_OBJC_IMPLICIT_RETAIN_SELF = YES;
				CLANG_WARN_OBJC_LITERAL_CONVERSION = YES;
				CLANG_WARN_OBJC_ROOT_CLASS = YES_ERROR;
				CLANG_WARN_RANGE_LOOP_ANALYSIS = YES;
				CLANG_WARN_STRICT_PROTOTYPES = YES;
				CLANG_WARN_SUSPICIOUS_MOVE = YES;
				CLANG_WARN_UNGUARDED_AVAILABILITY = YES_AGGRESSIVE;
				CLANG_WARN_UNREACHABLE_CODE = YES;
				CLANG_WARN__DUPLICATE_METHOD_MATCH = YES;
				CODE_SIGN_IDENTITY = "iPhone Developer";
				COPY_PHASE_STRIP = NO;
				DEBUG_INFORMATION_FORMAT = "dwarf-with-dsym";
				ENABLE_NS_ASSERTIONS = NO;
				ENABLE_STRICT_OBJC_MSGSEND = YES;
				GCC_C_LANGUAGE_STANDARD = gnu11;
				GCC_NO_COMMON_BLOCKS = YES;
				GCC_WARN_64_TO_32_BIT_CONVERSION = YES;
				GCC_WARN_ABOUT_RETURN_TYPE = YES_ERROR;
				GCC_WARN_UNDECLARED_SELECTOR = YES;
				GCC_WARN_UNINITIALIZED_AUTOS = YES_AGGRESSIVE;
				GCC_WARN_UNUSED_FUNCTION = YES;
				GCC_WARN_UNUSED_VARIABLE = YES;
				IPHONEOS_DEPLOYMENT_TARGET = 12.1;
				MTL_ENABLE_DEBUG_INFO = NO;
				MTL_FAST_MATH = YES;
				SDKROOT = iphoneos;
				SWIFT_COMPILATION_MODE = wholemodule;
				SWIFT_OPTIMIZATION_LEVEL = "-O";
				VALIDATE_PRODUCT = YES;
			};
			name = Release;
		};
		0142E02B2225465E003DBF3A /* Debug */ = {
			isa = XCBuildConfiguration;
			buildSettings = {
				ASSETCATALOG_COMPILER_APPICON_NAME = AppIcon;
				CODE_SIGN_STYLE = Automatic;
				INFOPLIST_FILE = UserDefaultsTest/Info.plist;
				LD_RUNPATH_SEARCH_PATHS = (
					"$(inherited)",
					"@executable_path/Frameworks",
				);
				PRODUCT_BUNDLE_IDENTIFIER = pst1.UserDefaultsTest;
				PRODUCT_NAME = "$(TARGET_NAME)";
				SWIFT_VERSION = 4.2;
				TARGETED_DEVICE_FAMILY = "1,2";
			};
			name = Debug;
		};
		0142E02C2225465E003DBF3A /* Release */ = {
			isa = XCBuildConfiguration;
			buildSettings = {
				ASSETCATALOG_COMPILER_APPICON_NAME = AppIcon;
				CODE_SIGN_STYLE = Automatic;
				INFOPLIST_FILE = UserDefaultsTest/Info.plist;
				LD_RUNPATH_SEARCH_PATHS = (
					"$(inherited)",
					"@executable_path/Frameworks",
				);
				PRODUCT_BUNDLE_IDENTIFIER = pst1.UserDefaultsTest;
				PRODUCT_NAME = "$(TARGET_NAME)";
				SWIFT_VERSION = 4.2;
				TARGETED_DEVICE_FAMILY = "1,2";
			};
			name = Release;
		};
		0142E02E2225465E003DBF3A /* Debug */ = {
			isa = XCBuildConfiguration;
			buildSettings = {
				ALWAYS_EMBED_SWIFT_STANDARD_LIBRARIES = YES;
				BUNDLE_LOADER = "$(TEST_HOST)";
				CODE_SIGN_STYLE = Automatic;
				INFOPLIST_FILE = UserDefaultsTestTests/Info.plist;
				LD_RUNPATH_SEARCH_PATHS = (
					"$(inherited)",
					"@executable_path/Frameworks",
					"@loader_path/Frameworks",
				);
				PRODUCT_BUNDLE_IDENTIFIER = pst1.UserDefaultsTestTests;
				PRODUCT_NAME = "$(TARGET_NAME)";
				SWIFT_VERSION = 4.2;
				TARGETED_DEVICE_FAMILY = "1,2";
				TEST_HOST = "$(BUILT_PRODUCTS_DIR)/UserDefaultsTest.app/UserDefaultsTest";
			};
			name = Debug;
		};
		0142E02F2225465E003DBF3A /* Release */ = {
			isa = XCBuildConfiguration;
			buildSettings = {
				ALWAYS_EMBED_SWIFT_STANDARD_LIBRARIES = YES;
				BUNDLE_LOADER = "$(TEST_HOST)";
				CODE_SIGN_STYLE = Automatic;
				INFOPLIST_FILE = UserDefaultsTestTests/Info.plist;
				LD_RUNPATH_SEARCH_PATHS = (
					"$(inherited)",
					"@executable_path/Frameworks",
					"@loader_path/Frameworks",
				);
				PRODUCT_BUNDLE_IDENTIFIER = pst1.UserDefaultsTestTests;
				PRODUCT_NAME = "$(TARGET_NAME)";
				SWIFT_VERSION = 4.2;
				TARGETED_DEVICE_FAMILY = "1,2";
				TEST_HOST = "$(BUILT_PRODUCTS_DIR)/UserDefaultsTest.app/UserDefaultsTest";
			};
			name = Release;
		};
		0142E0312225465E003DBF3A /* Debug */ = {
			isa = XCBuildConfiguration;
			buildSettings = {
				ALWAYS_EMBED_SWIFT_STANDARD_LIBRARIES = YES;
				CODE_SIGN_STYLE = Automatic;
				INFOPLIST_FILE = UserDefaultsTestUITests/Info.plist;
				LD_RUNPATH_SEARCH_PATHS = (
					"$(inherited)",
					"@executable_path/Frameworks",
					"@loader_path/Frameworks",
				);
				PRODUCT_BUNDLE_IDENTIFIER = pst1.UserDefaultsTestUITests;
				PRODUCT_NAME = "$(TARGET_NAME)";
				SWIFT_VERSION = 4.2;
				TARGETED_DEVICE_FAMILY = "1,2";
				TEST_TARGET_NAME = UserDefaultsTest;
			};
			name = Debug;
		};
		0142E0322225465E003DBF3A /* Release */ = {
			isa = XCBuildConfiguration;
			buildSettings = {
				ALWAYS_EMBED_SWIFT_STANDARD_LIBRARIES = YES;
				CODE_SIGN_STYLE = Automatic;
				INFOPLIST_FILE = UserDefaultsTestUITests/Info.plist;
				LD_RUNPATH_SEARCH_PATHS = (
					"$(inherited)",
					"@executable_path/Frameworks",
					"@loader_path/Frameworks",
				);
				PRODUCT_BUNDLE_IDENTIFIER = pst1.UserDefaultsTestUITests;
				PRODUCT_NAME = "$(TARGET_NAME)";
				SWIFT_VERSION = 4.2;
				TARGETED_DEVICE_FAMILY = "1,2";
				TEST_TARGET_NAME = UserDefaultsTest;
			};
			name = Release;
		};
/* End XCBuildConfiguration section */

/* Begin XCConfigurationList section */
		0142DFFD2225465D003DBF3A /* Build configuration list for PBXProject "UserDefaultsTest" */ = {
			isa = XCConfigurationList;
			buildConfigurations = (
				0142E0282225465E003DBF3A /* Debug */,
				0142E0292225465E003DBF3A /* Release */,
			);
			defaultConfigurationIsVisible = 0;
			defaultConfigurationName = Release;
		};
		0142E02A2225465E003DBF3A /* Build configuration list for PBXNativeTarget "UserDefaultsTest" */ = {
			isa = XCConfigurationList;
			buildConfigurations = (
				0142E02B2225465E003DBF3A /* Debug */,
				0142E02C2225465E003DBF3A /* Release */,
			);
			defaultConfigurationIsVisible = 0;
			defaultConfigurationName = Release;
		};
		0142E02D2225465E003DBF3A /* Build configuration list for PBXNativeTarget "UserDefaultsTestTests" */ = {
			isa = XCConfigurationList;
			buildConfigurations = (
				0142E02E2225465E003DBF3A /* Debug */,
				0142E02F2225465E003DBF3A /* Release */,
			);
			defaultConfigurationIsVisible = 0;
			defaultConfigurationName = Release;
		};
		0142E0302225465E003DBF3A /* Build configuration list for PBXNativeTarget "UserDefaultsTestUITests" */ = {
			isa = XCConfigurationList;
			buildConfigurations = (
				0142E0312225465E003DBF3A /* Debug */,
				0142E0322225465E003DBF3A /* Release */,
			);
			defaultConfigurationIsVisible = 0;
			defaultConfigurationName = Release;
		};
/* End XCConfigurationList section */
	};
	rootObject = 0142DFFA2225465D003DBF3A /* Project object */;
}
