// !$*UTF8*$!
{
	archiveVersion = 1;
	classes = {
	};
	objectVersion = 50;
	objects = {

/* Begin PBXBuildFile section */
		0142DE9E22250C25003DBF3A /* AppDelegate.swift in Sources */ = {isa = PBXBuildFile; fileRef = 0142DE9D22250C25003DBF3A /* AppDelegate.swift */; };
		0142DEA022250C25003DBF3A /* ViewController.swift in Sources */ = {isa = PBXBuildFile; fileRef = 0142DE9F22250C25003DBF3A /* ViewController.swift */; };
		0142DEA322250C25003DBF3A /* Main.storyboard in Resources */ = {isa = PBXBuildFile; fileRef = 0142DEA122250C25003DBF3A /* Main.storyboard */; };
		0142DEA522250C26003DBF3A /* Assets.xcassets in Resources */ = {isa = PBXBuildFile; fileRef = 0142DEA422250C26003DBF3A /* Assets.xcassets */; };
		0142DEA822250C26003DBF3A /* LaunchScreen.storyboard in Resources */ = {isa = PBXBuildFile; fileRef = 0142DEA622250C26003DBF3A /* LaunchScreen.storyboard */; };
		0142DEB322250C26003DBF3A /* Secne_ManualSegueTests.swift in Sources */ = {isa = PBXBuildFile; fileRef = 0142DEB222250C26003DBF3A /* Secne_ManualSegueTests.swift */; };
		0142DEBE22250C26003DBF3A /* Secne_ManualSegueUITests.swift in Sources */ = {isa = PBXBuildFile; fileRef = 0142DEBD22250C26003DBF3A /* Secne_ManualSegueUITests.swift */; };
/* End PBXBuildFile section */

/* Begin PBXContainerItemProxy section */
		0142DEAF22250C26003DBF3A /* PBXContainerItemProxy */ = {
			isa = PBXContainerItemProxy;
			containerPortal = 0142DE9222250C25003DBF3A /* Project object */;
			proxyType = 1;
			remoteGlobalIDString = 0142DE9922250C25003DBF3A;
			remoteInfo = "Secne-ManualSegue";
		};
		0142DEBA22250C26003DBF3A /* PBXContainerItemProxy */ = {
			isa = PBXContainerItemProxy;
			containerPortal = 0142DE9222250C25003DBF3A /* Project object */;
			proxyType = 1;
			remoteGlobalIDString = 0142DE9922250C25003DBF3A;
			remoteInfo = "Secne-ManualSegue";
		};
/* End PBXContainerItemProxy section */

/* Begin PBXFileReference section */
		0142DE9A22250C25003DBF3A /* Secne-ManualSegue.app */ = {isa = PBXFileReference; explicitFileType = wrapper.application; includeInIndex = 0; path = "Secne-ManualSegue.app"; sourceTree = BUILT_PRODUCTS_DIR; };
		0142DE9D22250C25003DBF3A /* AppDelegate.swift */ = {isa = PBXFileReference; lastKnownFileType = sourcecode.swift; path = AppDelegate.swift; sourceTree = "<group>"; };
		0142DE9F22250C25003DBF3A /* ViewController.swift */ = {isa = PBXFileReference; lastKnownFileType = sourcecode.swift; path = ViewController.swift; sourceTree = "<group>"; };
		0142DEA222250C25003DBF3A /* Base */ = {isa = PBXFileReference; lastKnownFileType = file.storyboard; name = Base; path = Base.lproj/Main.storyboard; sourceTree = "<group>"; };
		0142DEA422250C26003DBF3A /* Assets.xcassets */ = {isa = PBXFileReference; lastKnownFileType = folder.assetcatalog; path = Assets.xcassets; sourceTree = "<group>"; };
		0142DEA722250C26003DBF3A /* Base */ = {isa = PBXFileReference; lastKnownFileType = file.storyboard; name = Base; path = Base.lproj/LaunchScreen.storyboard; sourceTree = "<group>"; };
		0142DEA922250C26003DBF3A /* Info.plist */ = {isa = PBXFileReference; lastKnownFileType = text.plist.xml; path = Info.plist; sourceTree = "<group>"; };
		0142DEAE22250C26003DBF3A /* Secne-ManualSegueTests.xctest */ = {isa = PBXFileReference; explicitFileType = wrapper.cfbundle; includeInIndex = 0; path = "Secne-ManualSegueTests.xctest"; sourceTree = BUILT_PRODUCTS_DIR; };
		0142DEB222250C26003DBF3A /* Secne_ManualSegueTests.swift */ = {isa = PBXFileReference; lastKnownFileType = sourcecode.swift; path = Secne_ManualSegueTests.swift; sourceTree = "<group>"; };
		0142DEB422250C26003DBF3A /* Info.plist */ = {isa = PBXFileReference; lastKnownFileType = text.plist.xml; path = Info.plist; sourceTree = "<group>"; };
		0142DEB922250C26003DBF3A /* Secne-ManualSegueUITests.xctest */ = {isa = PBXFileReference; explicitFileType = wrapper.cfbundle; includeInIndex = 0; path = "Secne-ManualSegueUITests.xctest"; sourceTree = BUILT_PRODUCTS_DIR; };
		0142DEBD22250C26003DBF3A /* Secne_ManualSegueUITests.swift */ = {isa = PBXFileReference; lastKnownFileType = sourcecode.swift; path = Secne_ManualSegueUITests.swift; sourceTree = "<group>"; };
		0142DEBF22250C26003DBF3A /* Info.plist */ = {isa = PBXFileReference; lastKnownFileType = text.plist.xml; path = Info.plist; sourceTree = "<group>"; };
/* End PBXFileReference section */

/* Begin PBXFrameworksBuildPhase section */
		0142DE9722250C25003DBF3A /* Frameworks */ = {
			isa = PBXFrameworksBuildPhase;
			buildActionMask = 2147483647;
			files = (
			);
			runOnlyForDeploymentPostprocessing = 0;
		};
		0142DEAB22250C26003DBF3A /* Frameworks */ = {
			isa = PBXFrameworksBuildPhase;
			buildActionMask = 2147483647;
			files = (
			);
			runOnlyForDeploymentPostprocessing = 0;
		};
		0142DEB622250C26003DBF3A /* Frameworks */ = {
			isa = PBXFrameworksBuildPhase;
			buildActionMask = 2147483647;
			files = (
			);
			runOnlyForDeploymentPostprocessing = 0;
		};
/* End PBXFrameworksBuildPhase section */

/* Begin PBXGroup section */
		0142DE9122250C25003DBF3A = {
			isa = PBXGroup;
			children = (
				0142DE9C22250C25003DBF3A /* Secne-ManualSegue */,
				0142DEB122250C26003DBF3A /* Secne-ManualSegueTests */,
				0142DEBC22250C26003DBF3A /* Secne-ManualSegueUITests */,
				0142DE9B22250C25003DBF3A /* Products */,
			);
			sourceTree = "<group>";
		};
		0142DE9B22250C25003DBF3A /* Products */ = {
			isa = PBXGroup;
			children = (
				0142DE9A22250C25003DBF3A /* Secne-ManualSegue.app */,
				0142DEAE22250C26003DBF3A /* Secne-ManualSegueTests.xctest */,
				0142DEB922250C26003DBF3A /* Secne-ManualSegueUITests.xctest */,
			);
			name = Products;
			sourceTree = "<group>";
		};
		0142DE9C22250C25003DBF3A /* Secne-ManualSegue */ = {
			isa = PBXGroup;
			children = (
				0142DE9D22250C25003DBF3A /* AppDelegate.swift */,
				0142DE9F22250C25003DBF3A /* ViewController.swift */,
				0142DEA122250C25003DBF3A /* Main.storyboard */,
				0142DEA422250C26003DBF3A /* Assets.xcassets */,
				0142DEA622250C26003DBF3A /* LaunchScreen.storyboard */,
				0142DEA922250C26003DBF3A /* Info.plist */,
			);
			path = "Secne-ManualSegue";
			sourceTree = "<group>";
		};
		0142DEB122250C26003DBF3A /* Secne-ManualSegueTests */ = {
			isa = PBXGroup;
			children = (
				0142DEB222250C26003DBF3A /* Secne_ManualSegueTests.swift */,
				0142DEB422250C26003DBF3A /* Info.plist */,
			);
			path = "Secne-ManualSegueTests";
			sourceTree = "<group>";
		};
		0142DEBC22250C26003DBF3A /* Secne-ManualSegueUITests */ = {
			isa = PBXGroup;
			children = (
				0142DEBD22250C26003DBF3A /* Secne_ManualSegueUITests.swift */,
				0142DEBF22250C26003DBF3A /* Info.plist */,
			);
			path = "Secne-ManualSegueUITests";
			sourceTree = "<group>";
		};
/* End PBXGroup section */

/* Begin PBXNativeTarget section */
		0142DE9922250C25003DBF3A /* Secne-ManualSegue */ = {
			isa = PBXNativeTarget;
			buildConfigurationList = 0142DEC222250C26003DBF3A /* Build configuration list for PBXNativeTarget "Secne-ManualSegue" */;
			buildPhases = (
				0142DE9622250C25003DBF3A /* Sources */,
				0142DE9722250C25003DBF3A /* Frameworks */,
				0142DE9822250C25003DBF3A /* Resources */,
			);
			buildRules = (
			);
			dependencies = (
			);
			name = "Secne-ManualSegue";
			productName = "Secne-ManualSegue";
			productReference = 0142DE9A22250C25003DBF3A /* Secne-ManualSegue.app */;
			productType = "com.apple.product-type.application";
		};
		0142DEAD22250C26003DBF3A /* Secne-ManualSegueTests */ = {
			isa = PBXNativeTarget;
			buildConfigurationList = 0142DEC522250C26003DBF3A /* Build configuration list for PBXNativeTarget "Secne-ManualSegueTests" */;
			buildPhases = (
				0142DEAA22250C26003DBF3A /* Sources */,
				0142DEAB22250C26003DBF3A /* Frameworks */,
				0142DEAC22250C26003DBF3A /* Resources */,
			);
			buildRules = (
			);
			dependencies = (
				0142DEB022250C26003DBF3A /* PBXTargetDependency */,
			);
			name = "Secne-ManualSegueTests";
			productName = "Secne-ManualSegueTests";
			productReference = 0142DEAE22250C26003DBF3A /* Secne-ManualSegueTests.xctest */;
			productType = "com.apple.product-type.bundle.unit-test";
		};
		0142DEB822250C26003DBF3A /* Secne-ManualSegueUITests */ = {
			isa = PBXNativeTarget;
			buildConfigurationList = 0142DEC822250C26003DBF3A /* Build configuration list for PBXNativeTarget "Secne-ManualSegueUITests" */;
			buildPhases = (
				0142DEB522250C26003DBF3A /* Sources */,
				0142DEB622250C26003DBF3A /* Frameworks */,
				0142DEB722250C26003DBF3A /* Resources */,
			);
			buildRules = (
			);
			dependencies = (
				0142DEBB22250C26003DBF3A /* PBXTargetDependency */,
			);
			name = "Secne-ManualSegueUITests";
			productName = "Secne-ManualSegueUITests";
			productReference = 0142DEB922250C26003DBF3A /* Secne-ManualSegueUITests.xctest */;
			productType = "com.apple.product-type.bundle.ui-testing";
		};
/* End PBXNativeTarget section */

/* Begin PBXProject section */
		0142DE9222250C25003DBF3A /* Project object */ = {
			isa = PBXProject;
			attributes = {
				LastSwiftUpdateCheck = 1010;
				LastUpgradeCheck = 1010;
				ORGANIZATIONNAME = PST;
				TargetAttributes = {
					0142DE9922250C25003DBF3A = {
						CreatedOnToolsVersion = 10.1;
					};
					0142DEAD22250C26003DBF3A = {
						CreatedOnToolsVersion = 10.1;
						TestTargetID = 0142DE9922250C25003DBF3A;
					};
					0142DEB822250C26003DBF3A = {
						CreatedOnToolsVersion = 10.1;
						TestTargetID = 0142DE9922250C25003DBF3A;
					};
				};
			};
			buildConfigurationList = 0142DE9522250C25003DBF3A /* Build configuration list for PBXProject "Secne-ManualSegue" */;
			compatibilityVersion = "Xcode 9.3";
			developmentRegion = en;
			hasScannedForEncodings = 0;
			knownRegions = (
				en,
				Base,
			);
			mainGroup = 0142DE9122250C25003DBF3A;
			productRefGroup = 0142DE9B22250C25003DBF3A /* Products */;
			projectDirPath = "";
			projectRoot = "";
			targets = (
				0142DE9922250C25003DBF3A /* Secne-ManualSegue */,
				0142DEAD22250C26003DBF3A /* Secne-ManualSegueTests */,
				0142DEB822250C26003DBF3A /* Secne-ManualSegueUITests */,
			);
		};
/* End PBXProject section */

/* Begin PBXResourcesBuildPhase section */
		0142DE9822250C25003DBF3A /* Resources */ = {
			isa = PBXResourcesBuildPhase;
			buildActionMask = 2147483647;
			files = (
				0142DEA822250C26003DBF3A /* LaunchScreen.storyboard in Resources */,
				0142DEA522250C26003DBF3A /* Assets.xcassets in Resources */,
				0142DEA322250C25003DBF3A /* Main.storyboard in Resources */,
			);
			runOnlyForDeploymentPostprocessing = 0;
		};
		0142DEAC22250C26003DBF3A /* Resources */ = {
			isa = PBXResourcesBuildPhase;
			buildActionMask = 2147483647;
			files = (
			);
			runOnlyForDeploymentPostprocessing = 0;
		};
		0142DEB722250C26003DBF3A /* Resources */ = {
			isa = PBXResourcesBuildPhase;
			buildActionMask = 2147483647;
			files = (
			);
			runOnlyForDeploymentPostprocessing = 0;
		};
/* End PBXResourcesBuildPhase section */

/* Begin PBXSourcesBuildPhase section */
		0142DE9622250C25003DBF3A /* Sources */ = {
			isa = PBXSourcesBuildPhase;
			buildActionMask = 2147483647;
			files = (
				0142DEA022250C25003DBF3A /* ViewController.swift in Sources */,
				0142DE9E22250C25003DBF3A /* AppDelegate.swift in Sources */,
			);
			runOnlyForDeploymentPostprocessing = 0;
		};
		0142DEAA22250C26003DBF3A /* Sources */ = {
			isa = PBXSourcesBuildPhase;
			buildActionMask = 2147483647;
			files = (
				0142DEB322250C26003DBF3A /* Secne_ManualSegueTests.swift in Sources */,
			);
			runOnlyForDeploymentPostprocessing = 0;
		};
		0142DEB522250C26003DBF3A /* Sources */ = {
			isa = PBXSourcesBuildPhase;
			buildActionMask = 2147483647;
			files = (
				0142DEBE22250C26003DBF3A /* Secne_ManualSegueUITests.swift in Sources */,
			);
			runOnlyForDeploymentPostprocessing = 0;
		};
/* End PBXSourcesBuildPhase section */

/* Begin PBXTargetDependency section */
		0142DEB022250C26003DBF3A /* PBXTargetDependency */ = {
			isa = PBXTargetDependency;
			target = 0142DE9922250C25003DBF3A /* Secne-ManualSegue */;
			targetProxy = 0142DEAF22250C26003DBF3A /* PBXContainerItemProxy */;
		};
		0142DEBB22250C26003DBF3A /* PBXTargetDependency */ = {
			isa = PBXTargetDependency;
			target = 0142DE9922250C25003DBF3A /* Secne-ManualSegue */;
			targetProxy = 0142DEBA22250C26003DBF3A /* PBXContainerItemProxy */;
		};
/* End PBXTargetDependency section */

/* Begin PBXVariantGroup section */
		0142DEA122250C25003DBF3A /* Main.storyboard */ = {
			isa = PBXVariantGroup;
			children = (
				0142DEA222250C25003DBF3A /* Base */,
			);
			name = Main.storyboard;
			sourceTree = "<group>";
		};
		0142DEA622250C26003DBF3A /* LaunchScreen.storyboard */ = {
			isa = PBXVariantGroup;
			children = (
				0142DEA722250C26003DBF3A /* Base */,
			);
			name = LaunchScreen.storyboard;
			sourceTree = "<group>";
		};
/* End PBXVariantGroup section */

/* Begin XCBuildConfiguration section */
		0142DEC022250C26003DBF3A /* Debug */ = {
			isa = XCBuildConfiguration;
			buildSettings = {
				ALWAYS_SEARCH_USER_PATHS = NO;
				CLANG_ANALYZER_NONNULL = YES;
				CLANG_ANALYZER_NUMBER_OBJECT_CONVERSION = YES_AGGRESSIVE;
				CLANG_CXX_LANGUAGE_STANDARD = "gnu++14";
				CLANG_CXX_LIBRARY = "libc++";
				CLANG_ENABLE_MODULES = YES;
				CLANG_ENABLE_OBJC_ARC = YES;
				CLANG_ENABLE_OBJC_WEAK = YES;
				CLANG_WARN_BLOCK_CAPTURE_AUTORELEASING = YES;
				CLANG_WARN_BOOL_CONVERSION = YES;
				CLANG_WARN_COMMA = YES;
				CLANG_WARN_CONSTANT_CONVERSION = YES;
				CLANG_WARN_DEPRECATED_OBJC_IMPLEMENTATIONS = YES;
				CLANG_WARN_DIRECT_OBJC_ISA_USAGE = YES_ERROR;
				CLANG_WARN_DOCUMENTATION_COMMENTS = YES;
				CLANG_WARN_EMPTY_BODY = YES;
				CLANG_WARN_ENUM_CONVERSION = YES;
				CLANG_WARN_INFINITE_RECURSION = YES;
				CLANG_WARN_INT_CONVERSION = YES;
				CLANG_WARN_NON_LITERAL_NULL_CONVERSION = YES;
				CLANG_WARN_OBJC_IMPLICIT_RETAIN_SELF = YES;
				CLANG_WARN_OBJC_LITERAL_CONVERSION = YES;
				CLANG_WARN_OBJC_ROOT_CLASS = YES_ERROR;
				CLANG_WARN_RANGE_LOOP_ANALYSIS = YES;
				CLANG_WARN_STRICT_PROTOTYPES = YES;
				CLANG_WARN_SUSPICIOUS_MOVE = YES;
				CLANG_WARN_UNGUARDED_AVAILABILITY = YES_AGGRESSIVE;
				CLANG_WARN_UNREACHABLE_CODE = YES;
				CLANG_WARN__DUPLICATE_METHOD_MATCH = YES;
				CODE_SIGN_IDENTITY = "iPhone Developer";
				COPY_PHASE_STRIP = NO;
				DEBUG_INFORMATION_FORMAT = dwarf;
				ENABLE_STRICT_OBJC_MSGSEND = YES;
				ENABLE_TESTABILITY = YES;
				GCC_C_LANGUAGE_STANDARD = gnu11;
				GCC_DYNAMIC_NO_PIC = NO;
				GCC_NO_COMMON_BLOCKS = YES;
				GCC_OPTIMIZATION_LEVEL = 0;
				GCC_PREPROCESSOR_DEFINITIONS = (
					"DEBUG=1",
					"$(inherited)",
				);
				GCC_WARN_64_TO_32_BIT_CONVERSION = YES;
				GCC_WARN_ABOUT_RETURN_TYPE = YES_ERROR;
				GCC_WARN_UNDECLARED_SELECTOR = YES;
				GCC_WARN_UNINITIALIZED_AUTOS = YES_AGGRESSIVE;
				GCC_WARN_UNUSED_FUNCTION = YES;
				GCC_WARN_UNUSED_VARIABLE = YES;
				IPHONEOS_DEPLOYMENT_TARGET = 12.1;
				MTL_ENABLE_DEBUG_INFO = INCLUDE_SOURCE;
				MTL_FAST_MATH = YES;
				ONLY_ACTIVE_ARCH = YES;
				SDKROOT = iphoneos;
				SWIFT_ACTIVE_COMPILATION_CONDITIONS = DEBUG;
				SWIFT_OPTIMIZATION_LEVEL = "-Onone";
			};
			name = Debug;
		};
		0142DEC122250C26003DBF3A /* Release */ = {
			isa = XCBuildConfiguration;
			buildSettings = {
				ALWAYS_SEARCH_USER_PATHS = NO;
				CLANG_ANALYZER_NONNULL = YES;
				CLANG_ANALYZER_NUMBER_OBJECT_CONVERSION = YES_AGGRESSIVE;
				CLANG_CXX_LANGUAGE_STANDARD = "gnu++14";
				CLANG_CXX_LIBRARY = "libc++";
				CLANG_ENABLE_MODULES = YES;
				CLANG_ENABLE_OBJC_ARC = YES;
				CLANG_ENABLE_OBJC_WEAK = YES;
				CLANG_WARN_BLOCK_CAPTURE_AUTORELEASING = YES;
				CLANG_WARN_BOOL_CONVERSION = YES;
				CLANG_WARN_COMMA = YES;
				CLANG_WARN_CONSTANT_CONVERSION = YES;
				CLANG_WARN_DEPRECATED_OBJC_IMPLEMENTATIONS = YES;
				CLANG_WARN_DIRECT_OBJC_ISA_USAGE = YES_ERROR;
				CLANG_WARN_DOCUMENTATION_COMMENTS = YES;
				CLANG_WARN_EMPTY_BODY = YES;
				CLANG_WARN_ENUM_CONVERSION = YES;
				CLANG_WARN_INFINITE_RECURSION = YES;
				CLANG_WARN_INT_CONVERSION = YES;
				CLANG_WARN_NON_LITERAL_NULL_CONVERSION = YES;
				CLANG_WARN_OBJC_IMPLICIT_RETAIN_SELF = YES;
				CLANG_WARN_OBJC_LITERAL_CONVERSION = YES;
				CLANG_WARN_OBJC_ROOT_CLASS = YES_ERROR;
				CLANG_WARN_RANGE_LOOP_ANALYSIS = YES;
				CLANG_WARN_STRICT_PROTOTYPES = YES;
				CLANG_WARN_SUSPICIOUS_MOVE = YES;
				CLANG_WARN_UNGUARDED_AVAILABILITY = YES_AGGRESSIVE;
				CLANG_WARN_UNREACHABLE_CODE = YES;
				CLANG_WARN__DUPLICATE_METHOD_MATCH = YES;
				CODE_SIGN_IDENTITY = "iPhone Developer";
				COPY_PHASE_STRIP = NO;
				DEBUG_INFORMATION_FORMAT = "dwarf-with-dsym";
				ENABLE_NS_ASSERTIONS = NO;
				ENABLE_STRICT_OBJC_MSGSEND = YES;
				GCC_C_LANGUAGE_STANDARD = gnu11;
				GCC_NO_COMMON_BLOCKS = YES;
				GCC_WARN_64_TO_32_BIT_CONVERSION = YES;
				GCC_WARN_ABOUT_RETURN_TYPE = YES_ERROR;
				GCC_WARN_UNDECLARED_SELECTOR = YES;
				GCC_WARN_UNINITIALIZED_AUTOS = YES_AGGRESSIVE;
				GCC_WARN_UNUSED_FUNCTION = YES;
				GCC_WARN_UNUSED_VARIABLE = YES;
				IPHONEOS_DEPLOYMENT_TARGET = 12.1;
				MTL_ENABLE_DEBUG_INFO = NO;
				MTL_FAST_MATH = YES;
				SDKROOT = iphoneos;
				SWIFT_COMPILATION_MODE = wholemodule;
				SWIFT_OPTIMIZATION_LEVEL = "-O";
				VALIDATE_PRODUCT = YES;
			};
			name = Release;
		};
		0142DEC322250C26003DBF3A /* Debug */ = {
			isa = XCBuildConfiguration;
			buildSettings = {
				ASSETCATALOG_COMPILER_APPICON_NAME = AppIcon;
				CODE_SIGN_STYLE = Automatic;
				INFOPLIST_FILE = "Secne-ManualSegue/Info.plist";
				LD_RUNPATH_SEARCH_PATHS = (
					"$(inherited)",
					"@executable_path/Frameworks",
				);
				PRODUCT_BUNDLE_IDENTIFIER = "pst1.Secne-ManualSegue";
				PRODUCT_NAME = "$(TARGET_NAME)";
				SWIFT_VERSION = 4.2;
				TARGETED_DEVICE_FAMILY = "1,2";
			};
			name = Debug;
		};
		0142DEC422250C26003DBF3A /* Release */ = {
			isa = XCBuildConfiguration;
			buildSettings = {
				ASSETCATALOG_COMPILER_APPICON_NAME = AppIcon;
				CODE_SIGN_STYLE = Automatic;
				INFOPLIST_FILE = "Secne-ManualSegue/Info.plist";
				LD_RUNPATH_SEARCH_PATHS = (
					"$(inherited)",
					"@executable_path/Frameworks",
				);
				PRODUCT_BUNDLE_IDENTIFIER = "pst1.Secne-ManualSegue";
				PRODUCT_NAME = "$(TARGET_NAME)";
				SWIFT_VERSION = 4.2;
				TARGETED_DEVICE_FAMILY = "1,2";
			};
			name = Release;
		};
		0142DEC622250C26003DBF3A /* Debug */ = {
			isa = XCBuildConfiguration;
			buildSettings = {
				ALWAYS_EMBED_SWIFT_STANDARD_LIBRARIES = YES;
				BUNDLE_LOADER = "$(TEST_HOST)";
				CODE_SIGN_STYLE = Automatic;
				INFOPLIST_FILE = "Secne-ManualSegueTests/Info.plist";
				LD_RUNPATH_SEARCH_PATHS = (
					"$(inherited)",
					"@executable_path/Frameworks",
					"@loader_path/Frameworks",
				);
				PRODUCT_BUNDLE_IDENTIFIER = "pst1.Secne-ManualSegueTests";
				PRODUCT_NAME = "$(TARGET_NAME)";
				SWIFT_VERSION = 4.2;
				TARGETED_DEVICE_FAMILY = "1,2";
				TEST_HOST = "$(BUILT_PRODUCTS_DIR)/Secne-ManualSegue.app/Secne-ManualSegue";
			};
			name = Debug;
		};
		0142DEC722250C26003DBF3A /* Release */ = {
			isa = XCBuildConfiguration;
			buildSettings = {
				ALWAYS_EMBED_SWIFT_STANDARD_LIBRARIES = YES;
				BUNDLE_LOADER = "$(TEST_HOST)";
				CODE_SIGN_STYLE = Automatic;
				INFOPLIST_FILE = "Secne-ManualSegueTests/Info.plist";
				LD_RUNPATH_SEARCH_PATHS = (
					"$(inherited)",
					"@executable_path/Frameworks",
					"@loader_path/Frameworks",
				);
				PRODUCT_BUNDLE_IDENTIFIER = "pst1.Secne-ManualSegueTests";
				PRODUCT_NAME = "$(TARGET_NAME)";
				SWIFT_VERSION = 4.2;
				TARGETED_DEVICE_FAMILY = "1,2";
				TEST_HOST = "$(BUILT_PRODUCTS_DIR)/Secne-ManualSegue.app/Secne-ManualSegue";
			};
			name = Release;
		};
		0142DEC922250C26003DBF3A /* Debug */ = {
			isa = XCBuildConfiguration;
			buildSettings = {
				ALWAYS_EMBED_SWIFT_STANDARD_LIBRARIES = YES;
				CODE_SIGN_STYLE = Automatic;
				INFOPLIST_FILE = "Secne-ManualSegueUITests/Info.plist";
				LD_RUNPATH_SEARCH_PATHS = (
					"$(inherited)",
					"@executable_path/Frameworks",
					"@loader_path/Frameworks",
				);
				PRODUCT_BUNDLE_IDENTIFIER = "pst1.Secne-ManualSegueUITests";
				PRODUCT_NAME = "$(TARGET_NAME)";
				SWIFT_VERSION = 4.2;
				TARGETED_DEVICE_FAMILY = "1,2";
				TEST_TARGET_NAME = "Secne-ManualSegue";
			};
			name = Debug;
		};
		0142DECA22250C26003DBF3A /* Release */ = {
			isa = XCBuildConfiguration;
			buildSettings = {
				ALWAYS_EMBED_SWIFT_STANDARD_LIBRARIES = YES;
				CODE_SIGN_STYLE = Automatic;
				INFOPLIST_FILE = "Secne-ManualSegueUITests/Info.plist";
				LD_RUNPATH_SEARCH_PATHS = (
					"$(inherited)",
					"@executable_path/Frameworks",
					"@loader_path/Frameworks",
				);
				PRODUCT_BUNDLE_IDENTIFIER = "pst1.Secne-ManualSegueUITests";
				PRODUCT_NAME = "$(TARGET_NAME)";
				SWIFT_VERSION = 4.2;
				TARGETED_DEVICE_FAMILY = "1,2";
				TEST_TARGET_NAME = "Secne-ManualSegue";
			};
			name = Release;
		};
/* End XCBuildConfiguration section */

/* Begin XCConfigurationList section */
		0142DE9522250C25003DBF3A /* Build configuration list for PBXProject "Secne-ManualSegue" */ = {
			isa = XCConfigurationList;
			buildConfigurations = (
				0142DEC022250C26003DBF3A /* Debug */,
				0142DEC122250C26003DBF3A /* Release */,
			);
			defaultConfigurationIsVisible = 0;
			defaultConfigurationName = Release;
		};
		0142DEC222250C26003DBF3A /* Build configuration list for PBXNativeTarget "Secne-ManualSegue" */ = {
			isa = XCConfigurationList;
			buildConfigurations = (
				0142DEC322250C26003DBF3A /* Debug */,
				0142DEC422250C26003DBF3A /* Release */,
			);
			defaultConfigurationIsVisible = 0;
			defaultConfigurationName = Release;
		};
		0142DEC522250C26003DBF3A /* Build configuration list for PBXNativeTarget "Secne-ManualSegueTests" */ = {
			isa = XCConfigurationList;
			buildConfigurations = (
				0142DEC622250C26003DBF3A /* Debug */,
				0142DEC722250C26003DBF3A /* Release */,
			);
			defaultConfigurationIsVisible = 0;
			defaultConfigurationName = Release;
		};
		0142DEC822250C26003DBF3A /* Build configuration list for PBXNativeTarget "Secne-ManualSegueUITests" */ = {
			isa = XCConfigurationList;
			buildConfigurations = (
				0142DEC922250C26003DBF3A /* Debug */,
				0142DECA22250C26003DBF3A /* Release */,
			);
			defaultConfigurationIsVisible = 0;
			defaultConfigurationName = Release;
		};
/* End XCConfigurationList section */
	};
	rootObject = 0142DE9222250C25003DBF3A /* Project object */;
}
