// !$*UTF8*$!
{
	archiveVersion = 1;
	classes = {
	};
	objectVersion = 50;
	objects = {

/* Begin PBXBuildFile section */
		0142DDEE22216F10003DBF3A /* AppDelegate.swift in Sources */ = {isa = PBXBuildFile; fileRef = 0142DDED22216F10003DBF3A /* AppDelegate.swift */; };
		0142DDF022216F10003DBF3A /* ViewController.swift in Sources */ = {isa = PBXBuildFile; fileRef = 0142DDEF22216F10003DBF3A /* ViewController.swift */; };
		0142DDF322216F10003DBF3A /* Main.storyboard in Resources */ = {isa = PBXBuildFile; fileRef = 0142DDF122216F10003DBF3A /* Main.storyboard */; };
		0142DDF522216F12003DBF3A /* Assets.xcassets in Resources */ = {isa = PBXBuildFile; fileRef = 0142DDF422216F12003DBF3A /* Assets.xcassets */; };
		0142DDF822216F12003DBF3A /* LaunchScreen.storyboard in Resources */ = {isa = PBXBuildFile; fileRef = 0142DDF622216F12003DBF3A /* LaunchScreen.storyboard */; };
		0142DE0322216F12003DBF3A /* Scene_Trans2Tests.swift in Sources */ = {isa = PBXBuildFile; fileRef = 0142DE0222216F12003DBF3A /* Scene_Trans2Tests.swift */; };
		0142DE0E22216F12003DBF3A /* Scene_Trans2UITests.swift in Sources */ = {isa = PBXBuildFile; fileRef = 0142DE0D22216F12003DBF3A /* Scene_Trans2UITests.swift */; };
		0142DE1C2221735D003DBF3A /* SecondViewController.swift in Sources */ = {isa = PBXBuildFile; fileRef = 0142DE1B2221735D003DBF3A /* SecondViewController.swift */; };
/* End PBXBuildFile section */

/* Begin PBXContainerItemProxy section */
		0142DDFF22216F12003DBF3A /* PBXContainerItemProxy */ = {
			isa = PBXContainerItemProxy;
			containerPortal = 0142DDE222216F10003DBF3A /* Project object */;
			proxyType = 1;
			remoteGlobalIDString = 0142DDE922216F10003DBF3A;
			remoteInfo = "Scene-Trans2";
		};
		0142DE0A22216F12003DBF3A /* PBXContainerItemProxy */ = {
			isa = PBXContainerItemProxy;
			containerPortal = 0142DDE222216F10003DBF3A /* Project object */;
			proxyType = 1;
			remoteGlobalIDString = 0142DDE922216F10003DBF3A;
			remoteInfo = "Scene-Trans2";
		};
/* End PBXContainerItemProxy section */

/* Begin PBXFileReference section */
		0142DDEA22216F10003DBF3A /* Scene-Trans2.app */ = {isa = PBXFileReference; explicitFileType = wrapper.application; includeInIndex = 0; path = "Scene-Trans2.app"; sourceTree = BUILT_PRODUCTS_DIR; };
		0142DDED22216F10003DBF3A /* AppDelegate.swift */ = {isa = PBXFileReference; lastKnownFileType = sourcecode.swift; path = AppDelegate.swift; sourceTree = "<group>"; };
		0142DDEF22216F10003DBF3A /* ViewController.swift */ = {isa = PBXFileReference; lastKnownFileType = sourcecode.swift; path = ViewController.swift; sourceTree = "<group>"; };
		0142DDF222216F10003DBF3A /* Base */ = {isa = PBXFileReference; lastKnownFileType = file.storyboard; name = Base; path = Base.lproj/Main.storyboard; sourceTree = "<group>"; };
		0142DDF422216F12003DBF3A /* Assets.xcassets */ = {isa = PBXFileReference; lastKnownFileType = folder.assetcatalog; path = Assets.xcassets; sourceTree = "<group>"; };
		0142DDF722216F12003DBF3A /* Base */ = {isa = PBXFileReference; lastKnownFileType = file.storyboard; name = Base; path = Base.lproj/LaunchScreen.storyboard; sourceTree = "<group>"; };
		0142DDF922216F12003DBF3A /* Info.plist */ = {isa = PBXFileReference; lastKnownFileType = text.plist.xml; path = Info.plist; sourceTree = "<group>"; };
		0142DDFE22216F12003DBF3A /* Scene-Trans2Tests.xctest */ = {isa = PBXFileReference; explicitFileType = wrapper.cfbundle; includeInIndex = 0; path = "Scene-Trans2Tests.xctest"; sourceTree = BUILT_PRODUCTS_DIR; };
		0142DE0222216F12003DBF3A /* Scene_Trans2Tests.swift */ = {isa = PBXFileReference; lastKnownFileType = sourcecode.swift; path = Scene_Trans2Tests.swift; sourceTree = "<group>"; };
		0142DE0422216F12003DBF3A /* Info.plist */ = {isa = PBXFileReference; lastKnownFileType = text.plist.xml; path = Info.plist; sourceTree = "<group>"; };
		0142DE0922216F12003DBF3A /* Scene-Trans2UITests.xctest */ = {isa = PBXFileReference; explicitFileType = wrapper.cfbundle; includeInIndex = 0; path = "Scene-Trans2UITests.xctest"; sourceTree = BUILT_PRODUCTS_DIR; };
		0142DE0D22216F12003DBF3A /* Scene_Trans2UITests.swift */ = {isa = PBXFileReference; lastKnownFileType = sourcecode.swift; path = Scene_Trans2UITests.swift; sourceTree = "<group>"; };
		0142DE0F22216F12003DBF3A /* Info.plist */ = {isa = PBXFileReference; lastKnownFileType = text.plist.xml; path = Info.plist; sourceTree = "<group>"; };
		0142DE1B2221735D003DBF3A /* SecondViewController.swift */ = {isa = PBXFileReference; lastKnownFileType = sourcecode.swift; path = SecondViewController.swift; sourceTree = "<group>"; };
/* End PBXFileReference section */

/* Begin PBXFrameworksBuildPhase section */
		0142DDE722216F10003DBF3A /* Frameworks */ = {
			isa = PBXFrameworksBuildPhase;
			buildActionMask = 2147483647;
			files = (
			);
			runOnlyForDeploymentPostprocessing = 0;
		};
		0142DDFB22216F12003DBF3A /* Frameworks */ = {
			isa = PBXFrameworksBuildPhase;
			buildActionMask = 2147483647;
			files = (
			);
			runOnlyForDeploymentPostprocessing = 0;
		};
		0142DE0622216F12003DBF3A /* Frameworks */ = {
			isa = PBXFrameworksBuildPhase;
			buildActionMask = 2147483647;
			files = (
			);
			runOnlyForDeploymentPostprocessing = 0;
		};
/* End PBXFrameworksBuildPhase section */

/* Begin PBXGroup section */
		0142DDE122216F10003DBF3A = {
			isa = PBXGroup;
			children = (
				0142DDEC22216F10003DBF3A /* Scene-Trans2 */,
				0142DE0122216F12003DBF3A /* Scene-Trans2Tests */,
				0142DE0C22216F12003DBF3A /* Scene-Trans2UITests */,
				0142DDEB22216F10003DBF3A /* Products */,
			);
			sourceTree = "<group>";
		};
		0142DDEB22216F10003DBF3A /* Products */ = {
			isa = PBXGroup;
			children = (
				0142DDEA22216F10003DBF3A /* Scene-Trans2.app */,
				0142DDFE22216F12003DBF3A /* Scene-Trans2Tests.xctest */,
				0142DE0922216F12003DBF3A /* Scene-Trans2UITests.xctest */,
			);
			name = Products;
			sourceTree = "<group>";
		};
		0142DDEC22216F10003DBF3A /* Scene-Trans2 */ = {
			isa = PBXGroup;
			children = (
				0142DE1B2221735D003DBF3A /* SecondViewController.swift */,
				0142DDED22216F10003DBF3A /* AppDelegate.swift */,
				0142DDEF22216F10003DBF3A /* ViewController.swift */,
				0142DDF122216F10003DBF3A /* Main.storyboard */,
				0142DDF422216F12003DBF3A /* Assets.xcassets */,
				0142DDF622216F12003DBF3A /* LaunchScreen.storyboard */,
				0142DDF922216F12003DBF3A /* Info.plist */,
			);
			path = "Scene-Trans2";
			sourceTree = "<group>";
		};
		0142DE0122216F12003DBF3A /* Scene-Trans2Tests */ = {
			isa = PBXGroup;
			children = (
				0142DE0222216F12003DBF3A /* Scene_Trans2Tests.swift */,
				0142DE0422216F12003DBF3A /* Info.plist */,
			);
			path = "Scene-Trans2Tests";
			sourceTree = "<group>";
		};
		0142DE0C22216F12003DBF3A /* Scene-Trans2UITests */ = {
			isa = PBXGroup;
			children = (
				0142DE0D22216F12003DBF3A /* Scene_Trans2UITests.swift */,
				0142DE0F22216F12003DBF3A /* Info.plist */,
			);
			path = "Scene-Trans2UITests";
			sourceTree = "<group>";
		};
/* End PBXGroup section */

/* Begin PBXNativeTarget section */
		0142DDE922216F10003DBF3A /* Scene-Trans2 */ = {
			isa = PBXNativeTarget;
			buildConfigurationList = 0142DE1222216F12003DBF3A /* Build configuration list for PBXNativeTarget "Scene-Trans2" */;
			buildPhases = (
				0142DDE622216F10003DBF3A /* Sources */,
				0142DDE722216F10003DBF3A /* Frameworks */,
				0142DDE822216F10003DBF3A /* Resources */,
			);
			buildRules = (
			);
			dependencies = (
			);
			name = "Scene-Trans2";
			productName = "Scene-Trans2";
			productReference = 0142DDEA22216F10003DBF3A /* Scene-Trans2.app */;
			productType = "com.apple.product-type.application";
		};
		0142DDFD22216F12003DBF3A /* Scene-Trans2Tests */ = {
			isa = PBXNativeTarget;
			buildConfigurationList = 0142DE1522216F12003DBF3A /* Build configuration list for PBXNativeTarget "Scene-Trans2Tests" */;
			buildPhases = (
				0142DDFA22216F12003DBF3A /* Sources */,
				0142DDFB22216F12003DBF3A /* Frameworks */,
				0142DDFC22216F12003DBF3A /* Resources */,
			);
			buildRules = (
			);
			dependencies = (
				0142DE0022216F12003DBF3A /* PBXTargetDependency */,
			);
			name = "Scene-Trans2Tests";
			productName = "Scene-Trans2Tests";
			productReference = 0142DDFE22216F12003DBF3A /* Scene-Trans2Tests.xctest */;
			productType = "com.apple.product-type.bundle.unit-test";
		};
		0142DE0822216F12003DBF3A /* Scene-Trans2UITests */ = {
			isa = PBXNativeTarget;
			buildConfigurationList = 0142DE1822216F12003DBF3A /* Build configuration list for PBXNativeTarget "Scene-Trans2UITests" */;
			buildPhases = (
				0142DE0522216F12003DBF3A /* Sources */,
				0142DE0622216F12003DBF3A /* Frameworks */,
				0142DE0722216F12003DBF3A /* Resources */,
			);
			buildRules = (
			);
			dependencies = (
				0142DE0B22216F12003DBF3A /* PBXTargetDependency */,
			);
			name = "Scene-Trans2UITests";
			productName = "Scene-Trans2UITests";
			productReference = 0142DE0922216F12003DBF3A /* Scene-Trans2UITests.xctest */;
			productType = "com.apple.product-type.bundle.ui-testing";
		};
/* End PBXNativeTarget section */

/* Begin PBXProject section */
		0142DDE222216F10003DBF3A /* Project object */ = {
			isa = PBXProject;
			attributes = {
				LastSwiftUpdateCheck = 1010;
				LastUpgradeCheck = 1010;
				ORGANIZATIONNAME = PST;
				TargetAttributes = {
					0142DDE922216F10003DBF3A = {
						CreatedOnToolsVersion = 10.1;
					};
					0142DDFD22216F12003DBF3A = {
						CreatedOnToolsVersion = 10.1;
						TestTargetID = 0142DDE922216F10003DBF3A;
					};
					0142DE0822216F12003DBF3A = {
						CreatedOnToolsVersion = 10.1;
						TestTargetID = 0142DDE922216F10003DBF3A;
					};
				};
			};
			buildConfigurationList = 0142DDE522216F10003DBF3A /* Build configuration list for PBXProject "Scene-Trans2" */;
			compatibilityVersion = "Xcode 9.3";
			developmentRegion = en;
			hasScannedForEncodings = 0;
			knownRegions = (
				en,
				Base,
			);
			mainGroup = 0142DDE122216F10003DBF3A;
			productRefGroup = 0142DDEB22216F10003DBF3A /* Products */;
			projectDirPath = "";
			projectRoot = "";
			targets = (
				0142DDE922216F10003DBF3A /* Scene-Trans2 */,
				0142DDFD22216F12003DBF3A /* Scene-Trans2Tests */,
				0142DE0822216F12003DBF3A /* Scene-Trans2UITests */,
			);
		};
/* End PBXProject section */

/* Begin PBXResourcesBuildPhase section */
		0142DDE822216F10003DBF3A /* Resources */ = {
			isa = PBXResourcesBuildPhase;
			buildActionMask = 2147483647;
			files = (
				0142DDF822216F12003DBF3A /* LaunchScreen.storyboard in Resources */,
				0142DDF522216F12003DBF3A /* Assets.xcassets in Resources */,
				0142DDF322216F10003DBF3A /* Main.storyboard in Resources */,
			);
			runOnlyForDeploymentPostprocessing = 0;
		};
		0142DDFC22216F12003DBF3A /* Resources */ = {
			isa = PBXResourcesBuildPhase;
			buildActionMask = 2147483647;
			files = (
			);
			runOnlyForDeploymentPostprocessing = 0;
		};
		0142DE0722216F12003DBF3A /* Resources */ = {
			isa = PBXResourcesBuildPhase;
			buildActionMask = 2147483647;
			files = (
			);
			runOnlyForDeploymentPostprocessing = 0;
		};
/* End PBXResourcesBuildPhase section */

/* Begin PBXSourcesBuildPhase section */
		0142DDE622216F10003DBF3A /* Sources */ = {
			isa = PBXSourcesBuildPhase;
			buildActionMask = 2147483647;
			files = (
				0142DE1C2221735D003DBF3A /* SecondViewController.swift in Sources */,
				0142DDF022216F10003DBF3A /* ViewController.swift in Sources */,
				0142DDEE22216F10003DBF3A /* AppDelegate.swift in Sources */,
			);
			runOnlyForDeploymentPostprocessing = 0;
		};
		0142DDFA22216F12003DBF3A /* Sources */ = {
			isa = PBXSourcesBuildPhase;
			buildActionMask = 2147483647;
			files = (
				0142DE0322216F12003DBF3A /* Scene_Trans2Tests.swift in Sources */,
			);
			runOnlyForDeploymentPostprocessing = 0;
		};
		0142DE0522216F12003DBF3A /* Sources */ = {
			isa = PBXSourcesBuildPhase;
			buildActionMask = 2147483647;
			files = (
				0142DE0E22216F12003DBF3A /* Scene_Trans2UITests.swift in Sources */,
			);
			runOnlyForDeploymentPostprocessing = 0;
		};
/* End PBXSourcesBuildPhase section */

/* Begin PBXTargetDependency section */
		0142DE0022216F12003DBF3A /* PBXTargetDependency */ = {
			isa = PBXTargetDependency;
			target = 0142DDE922216F10003DBF3A /* Scene-Trans2 */;
			targetProxy = 0142DDFF22216F12003DBF3A /* PBXContainerItemProxy */;
		};
		0142DE0B22216F12003DBF3A /* PBXTargetDependency */ = {
			isa = PBXTargetDependency;
			target = 0142DDE922216F10003DBF3A /* Scene-Trans2 */;
			targetProxy = 0142DE0A22216F12003DBF3A /* PBXContainerItemProxy */;
		};
/* End PBXTargetDependency section */

/* Begin PBXVariantGroup section */
		0142DDF122216F10003DBF3A /* Main.storyboard */ = {
			isa = PBXVariantGroup;
			children = (
				0142DDF222216F10003DBF3A /* Base */,
			);
			name = Main.storyboard;
			sourceTree = "<group>";
		};
		0142DDF622216F12003DBF3A /* LaunchScreen.storyboard */ = {
			isa = PBXVariantGroup;
			children = (
				0142DDF722216F12003DBF3A /* Base */,
			);
			name = LaunchScreen.storyboard;
			sourceTree = "<group>";
		};
/* End PBXVariantGroup section */

/* Begin XCBuildConfiguration section */
		0142DE1022216F12003DBF3A /* Debug */ = {
			isa = XCBuildConfiguration;
			buildSettings = {
				ALWAYS_SEARCH_USER_PATHS = NO;
				CLANG_ANALYZER_NONNULL = YES;
				CLANG_ANALYZER_NUMBER_OBJECT_CONVERSION = YES_AGGRESSIVE;
				CLANG_CXX_LANGUAGE_STANDARD = "gnu++14";
				CLANG_CXX_LIBRARY = "libc++";
				CLANG_ENABLE_MODULES = YES;
				CLANG_ENABLE_OBJC_ARC = YES;
				CLANG_ENABLE_OBJC_WEAK = YES;
				CLANG_WARN_BLOCK_CAPTURE_AUTORELEASING = YES;
				CLANG_WARN_BOOL_CONVERSION = YES;
				CLANG_WARN_COMMA = YES;
				CLANG_WARN_CONSTANT_CONVERSION = YES;
				CLANG_WARN_DEPRECATED_OBJC_IMPLEMENTATIONS = YES;
				CLANG_WARN_DIRECT_OBJC_ISA_USAGE = YES_ERROR;
				CLANG_WARN_DOCUMENTATION_COMMENTS = YES;
				CLANG_WARN_EMPTY_BODY = YES;
				CLANG_WARN_ENUM_CONVERSION = YES;
				CLANG_WARN_INFINITE_RECURSION = YES;
				CLANG_WARN_INT_CONVERSION = YES;
				CLANG_WARN_NON_LITERAL_NULL_CONVERSION = YES;
				CLANG_WARN_OBJC_IMPLICIT_RETAIN_SELF = YES;
				CLANG_WARN_OBJC_LITERAL_CONVERSION = YES;
				CLANG_WARN_OBJC_ROOT_CLASS = YES_ERROR;
				CLANG_WARN_RANGE_LOOP_ANALYSIS = YES;
				CLANG_WARN_STRICT_PROTOTYPES = YES;
				CLANG_WARN_SUSPICIOUS_MOVE = YES;
				CLANG_WARN_UNGUARDED_AVAILABILITY = YES_AGGRESSIVE;
				CLANG_WARN_UNREACHABLE_CODE = YES;
				CLANG_WARN__DUPLICATE_METHOD_MATCH = YES;
				CODE_SIGN_IDENTITY = "iPhone Developer";
				COPY_PHASE_STRIP = NO;
				DEBUG_INFORMATION_FORMAT = dwarf;
				ENABLE_STRICT_OBJC_MSGSEND = YES;
				ENABLE_TESTABILITY = YES;
				GCC_C_LANGUAGE_STANDARD = gnu11;
				GCC_DYNAMIC_NO_PIC = NO;
				GCC_NO_COMMON_BLOCKS = YES;
				GCC_OPTIMIZATION_LEVEL = 0;
				GCC_PREPROCESSOR_DEFINITIONS = (
					"DEBUG=1",
					"$(inherited)",
				);
				GCC_WARN_64_TO_32_BIT_CONVERSION = YES;
				GCC_WARN_ABOUT_RETURN_TYPE = YES_ERROR;
				GCC_WARN_UNDECLARED_SELECTOR = YES;
				GCC_WARN_UNINITIALIZED_AUTOS = YES_AGGRESSIVE;
				GCC_WARN_UNUSED_FUNCTION = YES;
				GCC_WARN_UNUSED_VARIABLE = YES;
				IPHONEOS_DEPLOYMENT_TARGET = 12.1;
				MTL_ENABLE_DEBUG_INFO = INCLUDE_SOURCE;
				MTL_FAST_MATH = YES;
				ONLY_ACTIVE_ARCH = YES;
				SDKROOT = iphoneos;
				SWIFT_ACTIVE_COMPILATION_CONDITIONS = DEBUG;
				SWIFT_OPTIMIZATION_LEVEL = "-Onone";
			};
			name = Debug;
		};
		0142DE1122216F12003DBF3A /* Release */ = {
			isa = XCBuildConfiguration;
			buildSettings = {
				ALWAYS_SEARCH_USER_PATHS = NO;
				CLANG_ANALYZER_NONNULL = YES;
				CLANG_ANALYZER_NUMBER_OBJECT_CONVERSION = YES_AGGRESSIVE;
				CLANG_CXX_LANGUAGE_STANDARD = "gnu++14";
				CLANG_CXX_LIBRARY = "libc++";
				CLANG_ENABLE_MODULES = YES;
				CLANG_ENABLE_OBJC_ARC = YES;
				CLANG_ENABLE_OBJC_WEAK = YES;
				CLANG_WARN_BLOCK_CAPTURE_AUTORELEASING = YES;
				CLANG_WARN_BOOL_CONVERSION = YES;
				CLANG_WARN_COMMA = YES;
				CLANG_WARN_CONSTANT_CONVERSION = YES;
				CLANG_WARN_DEPRECATED_OBJC_IMPLEMENTATIONS = YES;
				CLANG_WARN_DIRECT_OBJC_ISA_USAGE = YES_ERROR;
				CLANG_WARN_DOCUMENTATION_COMMENTS = YES;
				CLANG_WARN_EMPTY_BODY = YES;
				CLANG_WARN_ENUM_CONVERSION = YES;
				CLANG_WARN_INFINITE_RECURSION = YES;
				CLANG_WARN_INT_CONVERSION = YES;
				CLANG_WARN_NON_LITERAL_NULL_CONVERSION = YES;
				CLANG_WARN_OBJC_IMPLICIT_RETAIN_SELF = YES;
				CLANG_WARN_OBJC_LITERAL_CONVERSION = YES;
				CLANG_WARN_OBJC_ROOT_CLASS = YES_ERROR;
				CLANG_WARN_RANGE_LOOP_ANALYSIS = YES;
				CLANG_WARN_STRICT_PROTOTYPES = YES;
				CLANG_WARN_SUSPICIOUS_MOVE = YES;
				CLANG_WARN_UNGUARDED_AVAILABILITY = YES_AGGRESSIVE;
				CLANG_WARN_UNREACHABLE_CODE = YES;
				CLANG_WARN__DUPLICATE_METHOD_MATCH = YES;
				CODE_SIGN_IDENTITY = "iPhone Developer";
				COPY_PHASE_STRIP = NO;
				DEBUG_INFORMATION_FORMAT = "dwarf-with-dsym";
				ENABLE_NS_ASSERTIONS = NO;
				ENABLE_STRICT_OBJC_MSGSEND = YES;
				GCC_C_LANGUAGE_STANDARD = gnu11;
				GCC_NO_COMMON_BLOCKS = YES;
				GCC_WARN_64_TO_32_BIT_CONVERSION = YES;
				GCC_WARN_ABOUT_RETURN_TYPE = YES_ERROR;
				GCC_WARN_UNDECLARED_SELECTOR = YES;
				GCC_WARN_UNINITIALIZED_AUTOS = YES_AGGRESSIVE;
				GCC_WARN_UNUSED_FUNCTION = YES;
				GCC_WARN_UNUSED_VARIABLE = YES;
				IPHONEOS_DEPLOYMENT_TARGET = 12.1;
				MTL_ENABLE_DEBUG_INFO = NO;
				MTL_FAST_MATH = YES;
				SDKROOT = iphoneos;
				SWIFT_COMPILATION_MODE = wholemodule;
				SWIFT_OPTIMIZATION_LEVEL = "-O";
				VALIDATE_PRODUCT = YES;
			};
			name = Release;
		};
		0142DE1322216F12003DBF3A /* Debug */ = {
			isa = XCBuildConfiguration;
			buildSettings = {
				ASSETCATALOG_COMPILER_APPICON_NAME = AppIcon;
				CODE_SIGN_STYLE = Automatic;
				INFOPLIST_FILE = "Scene-Trans2/Info.plist";
				LD_RUNPATH_SEARCH_PATHS = (
					"$(inherited)",
					"@executable_path/Frameworks",
				);
				PRODUCT_BUNDLE_IDENTIFIER = "pst1.Scene-Trans2";
				PRODUCT_NAME = "$(TARGET_NAME)";
				SWIFT_VERSION = 4.2;
				TARGETED_DEVICE_FAMILY = "1,2";
			};
			name = Debug;
		};
		0142DE1422216F12003DBF3A /* Release */ = {
			isa = XCBuildConfiguration;
			buildSettings = {
				ASSETCATALOG_COMPILER_APPICON_NAME = AppIcon;
				CODE_SIGN_STYLE = Automatic;
				INFOPLIST_FILE = "Scene-Trans2/Info.plist";
				LD_RUNPATH_SEARCH_PATHS = (
					"$(inherited)",
					"@executable_path/Frameworks",
				);
				PRODUCT_BUNDLE_IDENTIFIER = "pst1.Scene-Trans2";
				PRODUCT_NAME = "$(TARGET_NAME)";
				SWIFT_VERSION = 4.2;
				TARGETED_DEVICE_FAMILY = "1,2";
			};
			name = Release;
		};
		0142DE1622216F12003DBF3A /* Debug */ = {
			isa = XCBuildConfiguration;
			buildSettings = {
				ALWAYS_EMBED_SWIFT_STANDARD_LIBRARIES = YES;
				BUNDLE_LOADER = "$(TEST_HOST)";
				CODE_SIGN_STYLE = Automatic;
				INFOPLIST_FILE = "Scene-Trans2Tests/Info.plist";
				LD_RUNPATH_SEARCH_PATHS = (
					"$(inherited)",
					"@executable_path/Frameworks",
					"@loader_path/Frameworks",
				);
				PRODUCT_BUNDLE_IDENTIFIER = "pst1.Scene-Trans2Tests";
				PRODUCT_NAME = "$(TARGET_NAME)";
				SWIFT_VERSION = 4.2;
				TARGETED_DEVICE_FAMILY = "1,2";
				TEST_HOST = "$(BUILT_PRODUCTS_DIR)/Scene-Trans2.app/Scene-Trans2";
			};
			name = Debug;
		};
		0142DE1722216F12003DBF3A /* Release */ = {
			isa = XCBuildConfiguration;
			buildSettings = {
				ALWAYS_EMBED_SWIFT_STANDARD_LIBRARIES = YES;
				BUNDLE_LOADER = "$(TEST_HOST)";
				CODE_SIGN_STYLE = Automatic;
				INFOPLIST_FILE = "Scene-Trans2Tests/Info.plist";
				LD_RUNPATH_SEARCH_PATHS = (
					"$(inherited)",
					"@executable_path/Frameworks",
					"@loader_path/Frameworks",
				);
				PRODUCT_BUNDLE_IDENTIFIER = "pst1.Scene-Trans2Tests";
				PRODUCT_NAME = "$(TARGET_NAME)";
				SWIFT_VERSION = 4.2;
				TARGETED_DEVICE_FAMILY = "1,2";
				TEST_HOST = "$(BUILT_PRODUCTS_DIR)/Scene-Trans2.app/Scene-Trans2";
			};
			name = Release;
		};
		0142DE1922216F12003DBF3A /* Debug */ = {
			isa = XCBuildConfiguration;
			buildSettings = {
				ALWAYS_EMBED_SWIFT_STANDARD_LIBRARIES = YES;
				CODE_SIGN_STYLE = Automatic;
				INFOPLIST_FILE = "Scene-Trans2UITests/Info.plist";
				LD_RUNPATH_SEARCH_PATHS = (
					"$(inherited)",
					"@executable_path/Frameworks",
					"@loader_path/Frameworks",
				);
				PRODUCT_BUNDLE_IDENTIFIER = "pst1.Scene-Trans2UITests";
				PRODUCT_NAME = "$(TARGET_NAME)";
				SWIFT_VERSION = 4.2;
				TARGETED_DEVICE_FAMILY = "1,2";
				TEST_TARGET_NAME = "Scene-Trans2";
			};
			name = Debug;
		};
		0142DE1A22216F12003DBF3A /* Release */ = {
			isa = XCBuildConfiguration;
			buildSettings = {
				ALWAYS_EMBED_SWIFT_STANDARD_LIBRARIES = YES;
				CODE_SIGN_STYLE = Automatic;
				INFOPLIST_FILE = "Scene-Trans2UITests/Info.plist";
				LD_RUNPATH_SEARCH_PATHS = (
					"$(inherited)",
					"@executable_path/Frameworks",
					"@loader_path/Frameworks",
				);
				PRODUCT_BUNDLE_IDENTIFIER = "pst1.Scene-Trans2UITests";
				PRODUCT_NAME = "$(TARGET_NAME)";
				SWIFT_VERSION = 4.2;
				TARGETED_DEVICE_FAMILY = "1,2";
				TEST_TARGET_NAME = "Scene-Trans2";
			};
			name = Release;
		};
/* End XCBuildConfiguration section */

/* Begin XCConfigurationList section */
		0142DDE522216F10003DBF3A /* Build configuration list for PBXProject "Scene-Trans2" */ = {
			isa = XCConfigurationList;
			buildConfigurations = (
				0142DE1022216F12003DBF3A /* Debug */,
				0142DE1122216F12003DBF3A /* Release */,
			);
			defaultConfigurationIsVisible = 0;
			defaultConfigurationName = Release;
		};
		0142DE1222216F12003DBF3A /* Build configuration list for PBXNativeTarget "Scene-Trans2" */ = {
			isa = XCConfigurationList;
			buildConfigurations = (
				0142DE1322216F12003DBF3A /* Debug */,
				0142DE1422216F12003DBF3A /* Release */,
			);
			defaultConfigurationIsVisible = 0;
			defaultConfigurationName = Release;
		};
		0142DE1522216F12003DBF3A /* Build configuration list for PBXNativeTarget "Scene-Trans2Tests" */ = {
			isa = XCConfigurationList;
			buildConfigurations = (
				0142DE1622216F12003DBF3A /* Debug */,
				0142DE1722216F12003DBF3A /* Release */,
			);
			defaultConfigurationIsVisible = 0;
			defaultConfigurationName = Release;
		};
		0142DE1822216F12003DBF3A /* Build configuration list for PBXNativeTarget "Scene-Trans2UITests" */ = {
			isa = XCConfigurationList;
			buildConfigurations = (
				0142DE1922216F12003DBF3A /* Debug */,
				0142DE1A22216F12003DBF3A /* Release */,
			);
			defaultConfigurationIsVisible = 0;
			defaultConfigurationName = Release;
		};
/* End XCConfigurationList section */
	};
	rootObject = 0142DDE222216F10003DBF3A /* Project object */;
}
