// !$*UTF8*$!
{
	archiveVersion = 1;
	classes = {
	};
	objectVersion = 50;
	objects = {

/* Begin PBXBuildFile section */
		01030716238E6F0C00A509D9 /* AppDelegate.swift in Sources */ = {isa = PBXBuildFile; fileRef = 01030715238E6F0C00A509D9 /* AppDelegate.swift */; };
		01030718238E6F0C00A509D9 /* SceneDelegate.swift in Sources */ = {isa = PBXBuildFile; fileRef = 01030717238E6F0C00A509D9 /* SceneDelegate.swift */; };
		0103071A238E6F0C00A509D9 /* ViewController.swift in Sources */ = {isa = PBXBuildFile; fileRef = 01030719238E6F0C00A509D9 /* ViewController.swift */; };
		0103071D238E6F0C00A509D9 /* Main.storyboard in Resources */ = {isa = PBXBuildFile; fileRef = 0103071B238E6F0C00A509D9 /* Main.storyboard */; };
		0103071F238E6F0D00A509D9 /* Assets.xcassets in Resources */ = {isa = PBXBuildFile; fileRef = 0103071E238E6F0D00A509D9 /* Assets.xcassets */; };
		01030722238E6F0D00A509D9 /* LaunchScreen.storyboard in Resources */ = {isa = PBXBuildFile; fileRef = 01030720238E6F0D00A509D9 /* LaunchScreen.storyboard */; };
		0103072D238E6F0D00A509D9 /* Target_ActionTests.swift in Sources */ = {isa = PBXBuildFile; fileRef = 0103072C238E6F0D00A509D9 /* Target_ActionTests.swift */; };
		01030738238E6F0D00A509D9 /* Target_ActionUITests.swift in Sources */ = {isa = PBXBuildFile; fileRef = 01030737238E6F0D00A509D9 /* Target_ActionUITests.swift */; };
/* End PBXBuildFile section */

/* Begin PBXContainerItemProxy section */
		01030729238E6F0D00A509D9 /* PBXContainerItemProxy */ = {
			isa = PBXContainerItemProxy;
			containerPortal = 0103070A238E6F0C00A509D9 /* Project object */;
			proxyType = 1;
			remoteGlobalIDString = 01030711238E6F0C00A509D9;
			remoteInfo = "Target-Action";
		};
		01030734238E6F0D00A509D9 /* PBXContainerItemProxy */ = {
			isa = PBXContainerItemProxy;
			containerPortal = 0103070A238E6F0C00A509D9 /* Project object */;
			proxyType = 1;
			remoteGlobalIDString = 01030711238E6F0C00A509D9;
			remoteInfo = "Target-Action";
		};
/* End PBXContainerItemProxy section */

/* Begin PBXFileReference section */
		01030712238E6F0C00A509D9 /* Target-Action.app */ = {isa = PBXFileReference; explicitFileType = wrapper.application; includeInIndex = 0; path = "Target-Action.app"; sourceTree = BUILT_PRODUCTS_DIR; };
		01030715238E6F0C00A509D9 /* AppDelegate.swift */ = {isa = PBXFileReference; lastKnownFileType = sourcecode.swift; path = AppDelegate.swift; sourceTree = "<group>"; };
		01030717238E6F0C00A509D9 /* SceneDelegate.swift */ = {isa = PBXFileReference; lastKnownFileType = sourcecode.swift; path = SceneDelegate.swift; sourceTree = "<group>"; };
		01030719238E6F0C00A509D9 /* ViewController.swift */ = {isa = PBXFileReference; lastKnownFileType = sourcecode.swift; path = ViewController.swift; sourceTree = "<group>"; };
		0103071C238E6F0C00A509D9 /* Base */ = {isa = PBXFileReference; lastKnownFileType = file.storyboard; name = Base; path = Base.lproj/Main.storyboard; sourceTree = "<group>"; };
		0103071E238E6F0D00A509D9 /* Assets.xcassets */ = {isa = PBXFileReference; lastKnownFileType = folder.assetcatalog; path = Assets.xcassets; sourceTree = "<group>"; };
		01030721238E6F0D00A509D9 /* Base */ = {isa = PBXFileReference; lastKnownFileType = file.storyboard; name = Base; path = Base.lproj/LaunchScreen.storyboard; sourceTree = "<group>"; };
		01030723238E6F0D00A509D9 /* Info.plist */ = {isa = PBXFileReference; lastKnownFileType = text.plist.xml; path = Info.plist; sourceTree = "<group>"; };
		01030728238E6F0D00A509D9 /* Target-ActionTests.xctest */ = {isa = PBXFileReference; explicitFileType = wrapper.cfbundle; includeInIndex = 0; path = "Target-ActionTests.xctest"; sourceTree = BUILT_PRODUCTS_DIR; };
		0103072C238E6F0D00A509D9 /* Target_ActionTests.swift */ = {isa = PBXFileReference; lastKnownFileType = sourcecode.swift; path = Target_ActionTests.swift; sourceTree = "<group>"; };
		0103072E238E6F0D00A509D9 /* Info.plist */ = {isa = PBXFileReference; lastKnownFileType = text.plist.xml; path = Info.plist; sourceTree = "<group>"; };
		01030733238E6F0D00A509D9 /* Target-ActionUITests.xctest */ = {isa = PBXFileReference; explicitFileType = wrapper.cfbundle; includeInIndex = 0; path = "Target-ActionUITests.xctest"; sourceTree = BUILT_PRODUCTS_DIR; };
		01030737238E6F0D00A509D9 /* Target_ActionUITests.swift */ = {isa = PBXFileReference; lastKnownFileType = sourcecode.swift; path = Target_ActionUITests.swift; sourceTree = "<group>"; };
		01030739238E6F0D00A509D9 /* Info.plist */ = {isa = PBXFileReference; lastKnownFileType = text.plist.xml; path = Info.plist; sourceTree = "<group>"; };
/* End PBXFileReference section */

/* Begin PBXFrameworksBuildPhase section */
		0103070F238E6F0C00A509D9 /* Frameworks */ = {
			isa = PBXFrameworksBuildPhase;
			buildActionMask = 2147483647;
			files = (
			);
			runOnlyForDeploymentPostprocessing = 0;
		};
		01030725238E6F0D00A509D9 /* Frameworks */ = {
			isa = PBXFrameworksBuildPhase;
			buildActionMask = 2147483647;
			files = (
			);
			runOnlyForDeploymentPostprocessing = 0;
		};
		01030730238E6F0D00A509D9 /* Frameworks */ = {
			isa = PBXFrameworksBuildPhase;
			buildActionMask = 2147483647;
			files = (
			);
			runOnlyForDeploymentPostprocessing = 0;
		};
/* End PBXFrameworksBuildPhase section */

/* Begin PBXGroup section */
		01030709238E6F0C00A509D9 = {
			isa = PBXGroup;
			children = (
				01030714238E6F0C00A509D9 /* Target-Action */,
				0103072B238E6F0D00A509D9 /* Target-ActionTests */,
				01030736238E6F0D00A509D9 /* Target-ActionUITests */,
				01030713238E6F0C00A509D9 /* Products */,
			);
			sourceTree = "<group>";
		};
		01030713238E6F0C00A509D9 /* Products */ = {
			isa = PBXGroup;
			children = (
				01030712238E6F0C00A509D9 /* Target-Action.app */,
				01030728238E6F0D00A509D9 /* Target-ActionTests.xctest */,
				01030733238E6F0D00A509D9 /* Target-ActionUITests.xctest */,
			);
			name = Products;
			sourceTree = "<group>";
		};
		01030714238E6F0C00A509D9 /* Target-Action */ = {
			isa = PBXGroup;
			children = (
				01030715238E6F0C00A509D9 /* AppDelegate.swift */,
				01030717238E6F0C00A509D9 /* SceneDelegate.swift */,
				01030719238E6F0C00A509D9 /* ViewController.swift */,
				0103071B238E6F0C00A509D9 /* Main.storyboard */,
				0103071E238E6F0D00A509D9 /* Assets.xcassets */,
				01030720238E6F0D00A509D9 /* LaunchScreen.storyboard */,
				01030723238E6F0D00A509D9 /* Info.plist */,
			);
			path = "Target-Action";
			sourceTree = "<group>";
		};
		0103072B238E6F0D00A509D9 /* Target-ActionTests */ = {
			isa = PBXGroup;
			children = (
				0103072C238E6F0D00A509D9 /* Target_ActionTests.swift */,
				0103072E238E6F0D00A509D9 /* Info.plist */,
			);
			path = "Target-ActionTests";
			sourceTree = "<group>";
		};
		01030736238E6F0D00A509D9 /* Target-ActionUITests */ = {
			isa = PBXGroup;
			children = (
				01030737238E6F0D00A509D9 /* Target_ActionUITests.swift */,
				01030739238E6F0D00A509D9 /* Info.plist */,
			);
			path = "Target-ActionUITests";
			sourceTree = "<group>";
		};
/* End PBXGroup section */

/* Begin PBXNativeTarget section */
		01030711238E6F0C00A509D9 /* Target-Action */ = {
			isa = PBXNativeTarget;
			buildConfigurationList = 0103073C238E6F0D00A509D9 /* Build configuration list for PBXNativeTarget "Target-Action" */;
			buildPhases = (
				0103070E238E6F0C00A509D9 /* Sources */,
				0103070F238E6F0C00A509D9 /* Frameworks */,
				01030710238E6F0C00A509D9 /* Resources */,
			);
			buildRules = (
			);
			dependencies = (
			);
			name = "Target-Action";
			productName = "Target-Action";
			productReference = 01030712238E6F0C00A509D9 /* Target-Action.app */;
			productType = "com.apple.product-type.application";
		};
		01030727238E6F0D00A509D9 /* Target-ActionTests */ = {
			isa = PBXNativeTarget;
			buildConfigurationList = 0103073F238E6F0D00A509D9 /* Build configuration list for PBXNativeTarget "Target-ActionTests" */;
			buildPhases = (
				01030724238E6F0D00A509D9 /* Sources */,
				01030725238E6F0D00A509D9 /* Frameworks */,
				01030726238E6F0D00A509D9 /* Resources */,
			);
			buildRules = (
			);
			dependencies = (
				0103072A238E6F0D00A509D9 /* PBXTargetDependency */,
			);
			name = "Target-ActionTests";
			productName = "Target-ActionTests";
			productReference = 01030728238E6F0D00A509D9 /* Target-ActionTests.xctest */;
			productType = "com.apple.product-type.bundle.unit-test";
		};
		01030732238E6F0D00A509D9 /* Target-ActionUITests */ = {
			isa = PBXNativeTarget;
			buildConfigurationList = 01030742238E6F0D00A509D9 /* Build configuration list for PBXNativeTarget "Target-ActionUITests" */;
			buildPhases = (
				0103072F238E6F0D00A509D9 /* Sources */,
				01030730238E6F0D00A509D9 /* Frameworks */,
				01030731238E6F0D00A509D9 /* Resources */,
			);
			buildRules = (
			);
			dependencies = (
				01030735238E6F0D00A509D9 /* PBXTargetDependency */,
			);
			name = "Target-ActionUITests";
			productName = "Target-ActionUITests";
			productReference = 01030733238E6F0D00A509D9 /* Target-ActionUITests.xctest */;
			productType = "com.apple.product-type.bundle.ui-testing";
		};
/* End PBXNativeTarget section */

/* Begin PBXProject section */
		0103070A238E6F0C00A509D9 /* Project object */ = {
			isa = PBXProject;
			attributes = {
				LastSwiftUpdateCheck = 1120;
				LastUpgradeCheck = 1120;
				ORGANIZATIONNAME = PST;
				TargetAttributes = {
					01030711238E6F0C00A509D9 = {
						CreatedOnToolsVersion = 11.2;
					};
					01030727238E6F0D00A509D9 = {
						CreatedOnToolsVersion = 11.2;
						TestTargetID = 01030711238E6F0C00A509D9;
					};
					01030732238E6F0D00A509D9 = {
						CreatedOnToolsVersion = 11.2;
						TestTargetID = 01030711238E6F0C00A509D9;
					};
				};
			};
			buildConfigurationList = 0103070D238E6F0C00A509D9 /* Build configuration list for PBXProject "Target-Action" */;
			compatibilityVersion = "Xcode 9.3";
			developmentRegion = en;
			hasScannedForEncodings = 0;
			knownRegions = (
				en,
				Base,
			);
			mainGroup = 01030709238E6F0C00A509D9;
			productRefGroup = 01030713238E6F0C00A509D9 /* Products */;
			projectDirPath = "";
			projectRoot = "";
			targets = (
				01030711238E6F0C00A509D9 /* Target-Action */,
				01030727238E6F0D00A509D9 /* Target-ActionTests */,
				01030732238E6F0D00A509D9 /* Target-ActionUITests */,
			);
		};
/* End PBXProject section */

/* Begin PBXResourcesBuildPhase section */
		01030710238E6F0C00A509D9 /* Resources */ = {
			isa = PBXResourcesBuildPhase;
			buildActionMask = 2147483647;
			files = (
				01030722238E6F0D00A509D9 /* LaunchScreen.storyboard in Resources */,
				0103071F238E6F0D00A509D9 /* Assets.xcassets in Resources */,
				0103071D238E6F0C00A509D9 /* Main.storyboard in Resources */,
			);
			runOnlyForDeploymentPostprocessing = 0;
		};
		01030726238E6F0D00A509D9 /* Resources */ = {
			isa = PBXResourcesBuildPhase;
			buildActionMask = 2147483647;
			files = (
			);
			runOnlyForDeploymentPostprocessing = 0;
		};
		01030731238E6F0D00A509D9 /* Resources */ = {
			isa = PBXResourcesBuildPhase;
			buildActionMask = 2147483647;
			files = (
			);
			runOnlyForDeploymentPostprocessing = 0;
		};
/* End PBXResourcesBuildPhase section */

/* Begin PBXSourcesBuildPhase section */
		0103070E238E6F0C00A509D9 /* Sources */ = {
			isa = PBXSourcesBuildPhase;
			buildActionMask = 2147483647;
			files = (
				0103071A238E6F0C00A509D9 /* ViewController.swift in Sources */,
				01030716238E6F0C00A509D9 /* AppDelegate.swift in Sources */,
				01030718238E6F0C00A509D9 /* SceneDelegate.swift in Sources */,
			);
			runOnlyForDeploymentPostprocessing = 0;
		};
		01030724238E6F0D00A509D9 /* Sources */ = {
			isa = PBXSourcesBuildPhase;
			buildActionMask = 2147483647;
			files = (
				0103072D238E6F0D00A509D9 /* Target_ActionTests.swift in Sources */,
			);
			runOnlyForDeploymentPostprocessing = 0;
		};
		0103072F238E6F0D00A509D9 /* Sources */ = {
			isa = PBXSourcesBuildPhase;
			buildActionMask = 2147483647;
			files = (
				01030738238E6F0D00A509D9 /* Target_ActionUITests.swift in Sources */,
			);
			runOnlyForDeploymentPostprocessing = 0;
		};
/* End PBXSourcesBuildPhase section */

/* Begin PBXTargetDependency section */
		0103072A238E6F0D00A509D9 /* PBXTargetDependency */ = {
			isa = PBXTargetDependency;
			target = 01030711238E6F0C00A509D9 /* Target-Action */;
			targetProxy = 01030729238E6F0D00A509D9 /* PBXContainerItemProxy */;
		};
		01030735238E6F0D00A509D9 /* PBXTargetDependency */ = {
			isa = PBXTargetDependency;
			target = 01030711238E6F0C00A509D9 /* Target-Action */;
			targetProxy = 01030734238E6F0D00A509D9 /* PBXContainerItemProxy */;
		};
/* End PBXTargetDependency section */

/* Begin PBXVariantGroup section */
		0103071B238E6F0C00A509D9 /* Main.storyboard */ = {
			isa = PBXVariantGroup;
			children = (
				0103071C238E6F0C00A509D9 /* Base */,
			);
			name = Main.storyboard;
			sourceTree = "<group>";
		};
		01030720238E6F0D00A509D9 /* LaunchScreen.storyboard */ = {
			isa = PBXVariantGroup;
			children = (
				01030721238E6F0D00A509D9 /* Base */,
			);
			name = LaunchScreen.storyboard;
			sourceTree = "<group>";
		};
/* End PBXVariantGroup section */

/* Begin XCBuildConfiguration section */
		0103073A238E6F0D00A509D9 /* Debug */ = {
			isa = XCBuildConfiguration;
			buildSettings = {
				ALWAYS_SEARCH_USER_PATHS = NO;
				CLANG_ANALYZER_NONNULL = YES;
				CLANG_ANALYZER_NUMBER_OBJECT_CONVERSION = YES_AGGRESSIVE;
				CLANG_CXX_LANGUAGE_STANDARD = "gnu++14";
				CLANG_CXX_LIBRARY = "libc++";
				CLANG_ENABLE_MODULES = YES;
				CLANG_ENABLE_OBJC_ARC = YES;
				CLANG_ENABLE_OBJC_WEAK = YES;
				CLANG_WARN_BLOCK_CAPTURE_AUTORELEASING = YES;
				CLANG_WARN_BOOL_CONVERSION = YES;
				CLANG_WARN_COMMA = YES;
				CLANG_WARN_CONSTANT_CONVERSION = YES;
				CLANG_WARN_DEPRECATED_OBJC_IMPLEMENTATIONS = YES;
				CLANG_WARN_DIRECT_OBJC_ISA_USAGE = YES_ERROR;
				CLANG_WARN_DOCUMENTATION_COMMENTS = YES;
				CLANG_WARN_EMPTY_BODY = YES;
				CLANG_WARN_ENUM_CONVERSION = YES;
				CLANG_WARN_INFINITE_RECURSION = YES;
				CLANG_WARN_INT_CONVERSION = YES;
				CLANG_WARN_NON_LITERAL_NULL_CONVERSION = YES;
				CLANG_WARN_OBJC_IMPLICIT_RETAIN_SELF = YES;
				CLANG_WARN_OBJC_LITERAL_CONVERSION = YES;
				CLANG_WARN_OBJC_ROOT_CLASS = YES_ERROR;
				CLANG_WARN_RANGE_LOOP_ANALYSIS = YES;
				CLANG_WARN_STRICT_PROTOTYPES = YES;
				CLANG_WARN_SUSPICIOUS_MOVE = YES;
				CLANG_WARN_UNGUARDED_AVAILABILITY = YES_AGGRESSIVE;
				CLANG_WARN_UNREACHABLE_CODE = YES;
				CLANG_WARN__DUPLICATE_METHOD_MATCH = YES;
				COPY_PHASE_STRIP = NO;
				DEBUG_INFORMATION_FORMAT = dwarf;
				ENABLE_STRICT_OBJC_MSGSEND = YES;
				ENABLE_TESTABILITY = YES;
				GCC_C_LANGUAGE_STANDARD = gnu11;
				GCC_DYNAMIC_NO_PIC = NO;
				GCC_NO_COMMON_BLOCKS = YES;
				GCC_OPTIMIZATION_LEVEL = 0;
				GCC_PREPROCESSOR_DEFINITIONS = (
					"DEBUG=1",
					"$(inherited)",
				);
				GCC_WARN_64_TO_32_BIT_CONVERSION = YES;
				GCC_WARN_ABOUT_RETURN_TYPE = YES_ERROR;
				GCC_WARN_UNDECLARED_SELECTOR = YES;
				GCC_WARN_UNINITIALIZED_AUTOS = YES_AGGRESSIVE;
				GCC_WARN_UNUSED_FUNCTION = YES;
				GCC_WARN_UNUSED_VARIABLE = YES;
				IPHONEOS_DEPLOYMENT_TARGET = 13.2;
				MTL_ENABLE_DEBUG_INFO = INCLUDE_SOURCE;
				MTL_FAST_MATH = YES;
				ONLY_ACTIVE_ARCH = YES;
				SDKROOT = iphoneos;
				SWIFT_ACTIVE_COMPILATION_CONDITIONS = DEBUG;
				SWIFT_OPTIMIZATION_LEVEL = "-Onone";
			};
			name = Debug;
		};
		0103073B238E6F0D00A509D9 /* Release */ = {
			isa = XCBuildConfiguration;
			buildSettings = {
				ALWAYS_SEARCH_USER_PATHS = NO;
				CLANG_ANALYZER_NONNULL = YES;
				CLANG_ANALYZER_NUMBER_OBJECT_CONVERSION = YES_AGGRESSIVE;
				CLANG_CXX_LANGUAGE_STANDARD = "gnu++14";
				CLANG_CXX_LIBRARY = "libc++";
				CLANG_ENABLE_MODULES = YES;
				CLANG_ENABLE_OBJC_ARC = YES;
				CLANG_ENABLE_OBJC_WEAK = YES;
				CLANG_WARN_BLOCK_CAPTURE_AUTORELEASING = YES;
				CLANG_WARN_BOOL_CONVERSION = YES;
				CLANG_WARN_COMMA = YES;
				CLANG_WARN_CONSTANT_CONVERSION = YES;
				CLANG_WARN_DEPRECATED_OBJC_IMPLEMENTATIONS = YES;
				CLANG_WARN_DIRECT_OBJC_ISA_USAGE = YES_ERROR;
				CLANG_WARN_DOCUMENTATION_COMMENTS = YES;
				CLANG_WARN_EMPTY_BODY = YES;
				CLANG_WARN_ENUM_CONVERSION = YES;
				CLANG_WARN_INFINITE_RECURSION = YES;
				CLANG_WARN_INT_CONVERSION = YES;
				CLANG_WARN_NON_LITERAL_NULL_CONVERSION = YES;
				CLANG_WARN_OBJC_IMPLICIT_RETAIN_SELF = YES;
				CLANG_WARN_OBJC_LITERAL_CONVERSION = YES;
				CLANG_WARN_OBJC_ROOT_CLASS = YES_ERROR;
				CLANG_WARN_RANGE_LOOP_ANALYSIS = YES;
				CLANG_WARN_STRICT_PROTOTYPES = YES;
				CLANG_WARN_SUSPICIOUS_MOVE = YES;
				CLANG_WARN_UNGUARDED_AVAILABILITY = YES_AGGRESSIVE;
				CLANG_WARN_UNREACHABLE_CODE = YES;
				CLANG_WARN__DUPLICATE_METHOD_MATCH = YES;
				COPY_PHASE_STRIP = NO;
				DEBUG_INFORMATION_FORMAT = "dwarf-with-dsym";
				ENABLE_NS_ASSERTIONS = NO;
				ENABLE_STRICT_OBJC_MSGSEND = YES;
				GCC_C_LANGUAGE_STANDARD = gnu11;
				GCC_NO_COMMON_BLOCKS = YES;
				GCC_WARN_64_TO_32_BIT_CONVERSION = YES;
				GCC_WARN_ABOUT_RETURN_TYPE = YES_ERROR;
				GCC_WARN_UNDECLARED_SELECTOR = YES;
				GCC_WARN_UNINITIALIZED_AUTOS = YES_AGGRESSIVE;
				GCC_WARN_UNUSED_FUNCTION = YES;
				GCC_WARN_UNUSED_VARIABLE = YES;
				IPHONEOS_DEPLOYMENT_TARGET = 13.2;
				MTL_ENABLE_DEBUG_INFO = NO;
				MTL_FAST_MATH = YES;
				SDKROOT = iphoneos;
				SWIFT_COMPILATION_MODE = wholemodule;
				SWIFT_OPTIMIZATION_LEVEL = "-O";
				VALIDATE_PRODUCT = YES;
			};
			name = Release;
		};
		0103073D238E6F0D00A509D9 /* Debug */ = {
			isa = XCBuildConfiguration;
			buildSettings = {
				ASSETCATALOG_COMPILER_APPICON_NAME = AppIcon;
				CODE_SIGN_STYLE = Automatic;
				INFOPLIST_FILE = "Target-Action/Info.plist";
				LD_RUNPATH_SEARCH_PATHS = (
					"$(inherited)",
					"@executable_path/Frameworks",
				);
				PRODUCT_BUNDLE_IDENTIFIER = "com..Target-Action";
				PRODUCT_NAME = "$(TARGET_NAME)";
				SWIFT_VERSION = 5.0;
				TARGETED_DEVICE_FAMILY = "1,2";
			};
			name = Debug;
		};
		0103073E238E6F0D00A509D9 /* Release */ = {
			isa = XCBuildConfiguration;
			buildSettings = {
				ASSETCATALOG_COMPILER_APPICON_NAME = AppIcon;
				CODE_SIGN_STYLE = Automatic;
				INFOPLIST_FILE = "Target-Action/Info.plist";
				LD_RUNPATH_SEARCH_PATHS = (
					"$(inherited)",
					"@executable_path/Frameworks",
				);
				PRODUCT_BUNDLE_IDENTIFIER = "com..Target-Action";
				PRODUCT_NAME = "$(TARGET_NAME)";
				SWIFT_VERSION = 5.0;
				TARGETED_DEVICE_FAMILY = "1,2";
			};
			name = Release;
		};
		01030740238E6F0D00A509D9 /* Debug */ = {
			isa = XCBuildConfiguration;
			buildSettings = {
				ALWAYS_EMBED_SWIFT_STANDARD_LIBRARIES = YES;
				BUNDLE_LOADER = "$(TEST_HOST)";
				CODE_SIGN_STYLE = Automatic;
				INFOPLIST_FILE = "Target-ActionTests/Info.plist";
				IPHONEOS_DEPLOYMENT_TARGET = 13.2;
				LD_RUNPATH_SEARCH_PATHS = (
					"$(inherited)",
					"@executable_path/Frameworks",
					"@loader_path/Frameworks",
				);
				PRODUCT_BUNDLE_IDENTIFIER = "com..Target-ActionTests";
				PRODUCT_NAME = "$(TARGET_NAME)";
				SWIFT_VERSION = 5.0;
				TARGETED_DEVICE_FAMILY = "1,2";
				TEST_HOST = "$(BUILT_PRODUCTS_DIR)/Target-Action.app/Target-Action";
			};
			name = Debug;
		};
		01030741238E6F0D00A509D9 /* Release */ = {
			isa = XCBuildConfiguration;
			buildSettings = {
				ALWAYS_EMBED_SWIFT_STANDARD_LIBRARIES = YES;
				BUNDLE_LOADER = "$(TEST_HOST)";
				CODE_SIGN_STYLE = Automatic;
				INFOPLIST_FILE = "Target-ActionTests/Info.plist";
				IPHONEOS_DEPLOYMENT_TARGET = 13.2;
				LD_RUNPATH_SEARCH_PATHS = (
					"$(inherited)",
					"@executable_path/Frameworks",
					"@loader_path/Frameworks",
				);
				PRODUCT_BUNDLE_IDENTIFIER = "com..Target-ActionTests";
				PRODUCT_NAME = "$(TARGET_NAME)";
				SWIFT_VERSION = 5.0;
				TARGETED_DEVICE_FAMILY = "1,2";
				TEST_HOST = "$(BUILT_PRODUCTS_DIR)/Target-Action.app/Target-Action";
			};
			name = Release;
		};
		01030743238E6F0D00A509D9 /* Debug */ = {
			isa = XCBuildConfiguration;
			buildSettings = {
				ALWAYS_EMBED_SWIFT_STANDARD_LIBRARIES = YES;
				CODE_SIGN_STYLE = Automatic;
				INFOPLIST_FILE = "Target-ActionUITests/Info.plist";
				LD_RUNPATH_SEARCH_PATHS = (
					"$(inherited)",
					"@executable_path/Frameworks",
					"@loader_path/Frameworks",
				);
				PRODUCT_BUNDLE_IDENTIFIER = "com..Target-ActionUITests";
				PRODUCT_NAME = "$(TARGET_NAME)";
				SWIFT_VERSION = 5.0;
				TARGETED_DEVICE_FAMILY = "1,2";
				TEST_TARGET_NAME = "Target-Action";
			};
			name = Debug;
		};
		01030744238E6F0D00A509D9 /* Release */ = {
			isa = XCBuildConfiguration;
			buildSettings = {
				ALWAYS_EMBED_SWIFT_STANDARD_LIBRARIES = YES;
				CODE_SIGN_STYLE = Automatic;
				INFOPLIST_FILE = "Target-ActionUITests/Info.plist";
				LD_RUNPATH_SEARCH_PATHS = (
					"$(inherited)",
					"@executable_path/Frameworks",
					"@loader_path/Frameworks",
				);
				PRODUCT_BUNDLE_IDENTIFIER = "com..Target-ActionUITests";
				PRODUCT_NAME = "$(TARGET_NAME)";
				SWIFT_VERSION = 5.0;
				TARGETED_DEVICE_FAMILY = "1,2";
				TEST_TARGET_NAME = "Target-Action";
			};
			name = Release;
		};
/* End XCBuildConfiguration section */

/* Begin XCConfigurationList section */
		0103070D238E6F0C00A509D9 /* Build configuration list for PBXProject "Target-Action" */ = {
			isa = XCConfigurationList;
			buildConfigurations = (
				0103073A238E6F0D00A509D9 /* Debug */,
				0103073B238E6F0D00A509D9 /* Release */,
			);
			defaultConfigurationIsVisible = 0;
			defaultConfigurationName = Release;
		};
		0103073C238E6F0D00A509D9 /* Build configuration list for PBXNativeTarget "Target-Action" */ = {
			isa = XCConfigurationList;
			buildConfigurations = (
				0103073D238E6F0D00A509D9 /* Debug */,
				0103073E238E6F0D00A509D9 /* Release */,
			);
			defaultConfigurationIsVisible = 0;
			defaultConfigurationName = Release;
		};
		0103073F238E6F0D00A509D9 /* Build configuration list for PBXNativeTarget "Target-ActionTests" */ = {
			isa = XCConfigurationList;
			buildConfigurations = (
				01030740238E6F0D00A509D9 /* Debug */,
				01030741238E6F0D00A509D9 /* Release */,
			);
			defaultConfigurationIsVisible = 0;
			defaultConfigurationName = Release;
		};
		01030742238E6F0D00A509D9 /* Build configuration list for PBXNativeTarget "Target-ActionUITests" */ = {
			isa = XCConfigurationList;
			buildConfigurations = (
				01030743238E6F0D00A509D9 /* Debug */,
				01030744238E6F0D00A509D9 /* Release */,
			);
			defaultConfigurationIsVisible = 0;
			defaultConfigurationName = Release;
		};
/* End XCConfigurationList section */
	};
	rootObject = 0103070A238E6F0C00A509D9 /* Project object */;
}
